// !$*UTF8*$!
{
	archiveVersion = 1;
	classes = {
	};
	objectVersion = 46;
	objects = {

/* Begin PBXBuildFile section */
		1495C5321F13F02F0002A4E6 /* JMC.m in Sources */ = {isa = PBXBuildFile; fileRef = 1495C4891F13F02F0002A4E6 /* JMC.m */; };
		1495C5331F13F02F0002A4E6 /* JMCAttachmentItem.m in Sources */ = {isa = PBXBuildFile; fileRef = 1495C48B1F13F02F0002A4E6 /* JMCAttachmentItem.m */; };
		1495C5341F13F02F0002A4E6 /* JMCViewController.m in Sources */ = {isa = PBXBuildFile; fileRef = 1495C48F1F13F02F0002A4E6 /* JMCViewController.m */; };
		1495C5351F13F02F0002A4E6 /* JMCViewController.xib in Resources */ = {isa = PBXBuildFile; fileRef = 1495C4901F13F02F0002A4E6 /* JMCViewController.xib */; };
		1495C5361F13F02F0002A4E6 /* JMCAttachmentsView.xib in Resources */ = {isa = PBXBuildFile; fileRef = 1495C4931F13F02F0002A4E6 /* JMCAttachmentsView.xib */; };
		1495C5371F13F02F0002A4E6 /* JMCAttachmentsViewController.m in Sources */ = {isa = PBXBuildFile; fileRef = 1495C4951F13F02F0002A4E6 /* JMCAttachmentsViewController.m */; };
		1495C5381F13F02F0002A4E6 /* JMCConsoleLogReader.m in Sources */ = {isa = PBXBuildFile; fileRef = 1495C4971F13F02F0002A4E6 /* JMCConsoleLogReader.m */; };
		1495C5391F13F02F0002A4E6 /* JMCRecorder.m in Sources */ = {isa = PBXBuildFile; fileRef = 1495C49A1F13F02F0002A4E6 /* JMCRecorder.m */; };
		1495C53A1F13F02F0002A4E6 /* CrashReporter.m in Sources */ = {isa = PBXBuildFile; fileRef = 1495C49D1F13F02F0002A4E6 /* CrashReporter.m */; };
		1495C53B1F13F02F0002A4E6 /* JMCDatabase+JMCDatabaseAdditions.m in Sources */ = {isa = PBXBuildFile; fileRef = 1495C4A01F13F02F0002A4E6 /* JMCDatabase+JMCDatabaseAdditions.m */; };
		1495C53C1F13F02F0002A4E6 /* JMCDatabase.m in Sources */ = {isa = PBXBuildFile; fileRef = 1495C4A21F13F02F0002A4E6 /* JMCDatabase.m */; };
		1495C53D1F13F02F0002A4E6 /* JMCResultSet.m in Sources */ = {isa = PBXBuildFile; fileRef = 1495C4A41F13F02F0002A4E6 /* JMCResultSet.m */; };
		1495C53E1F13F02F0002A4E6 /* NSBundle+JMC.m in Sources */ = {isa = PBXBuildFile; fileRef = 1495C4A71F13F02F0002A4E6 /* NSBundle+JMC.m */; };
		1495C53F1F13F02F0002A4E6 /* UIImage+JMCAlpha.m in Sources */ = {isa = PBXBuildFile; fileRef = 1495C4AA1F13F02F0002A4E6 /* UIImage+JMCAlpha.m */; };
		1495C5401F13F02F0002A4E6 /* UIImage+JMCResize.m in Sources */ = {isa = PBXBuildFile; fileRef = 1495C4AC1F13F02F0002A4E6 /* UIImage+JMCResize.m */; };
		1495C5411F13F02F0002A4E6 /* UIImage+JMCRoundedCorner.m in Sources */ = {isa = PBXBuildFile; fileRef = 1495C4AE1F13F02F0002A4E6 /* UIImage+JMCRoundedCorner.m */; };
		1495C5421F13F02F0002A4E6 /* JMCIssuePreviewCell.m in Sources */ = {isa = PBXBuildFile; fileRef = 1495C4B11F13F02F0002A4E6 /* JMCIssuePreviewCell.m */; };
		1495C5431F13F02F0002A4E6 /* JMCIssuePreviewCell.xib in Resources */ = {isa = PBXBuildFile; fileRef = 1495C4B21F13F02F0002A4E6 /* JMCIssuePreviewCell.xib */; };
		1495C5441F13F02F0002A4E6 /* JMCIssueStore.m in Sources */ = {isa = PBXBuildFile; fileRef = 1495C4B41F13F02F0002A4E6 /* JMCIssueStore.m */; };
		1495C5451F13F02F0002A4E6 /* JMCIssuesViewController.m in Sources */ = {isa = PBXBuildFile; fileRef = 1495C4B61F13F02F0002A4E6 /* JMCIssuesViewController.m */; };
		1495C5461F13F02F0002A4E6 /* JMCIssueViewController.m in Sources */ = {isa = PBXBuildFile; fileRef = 1495C4B81F13F02F0002A4E6 /* JMCIssueViewController.m */; };
		1495C5471F13F02F0002A4E6 /* JMCIssueViewController.xib in Resources */ = {isa = PBXBuildFile; fileRef = 1495C4B91F13F02F0002A4E6 /* JMCIssueViewController.xib */; };
		1495C5481F13F02F0002A4E6 /* JMCMessageBubble.m in Sources */ = {isa = PBXBuildFile; fileRef = 1495C4BB1F13F02F0002A4E6 /* JMCMessageBubble.m */; };
		1495C5491F13F02F0002A4E6 /* JMCMessageCell.m in Sources */ = {isa = PBXBuildFile; fileRef = 1495C4BD1F13F02F0002A4E6 /* JMCMessageCell.m */; };
		1495C54A1F13F02F0002A4E6 /* JMCNotifier.m in Sources */ = {isa = PBXBuildFile; fileRef = 1495C4BF1F13F02F0002A4E6 /* JMCNotifier.m */; };
		1495C54B1F13F02F0002A4E6 /* JMCComment.m in Sources */ = {isa = PBXBuildFile; fileRef = 1495C4C41F13F02F0002A4E6 /* JMCComment.m */; };
		1495C54C1F13F02F0002A4E6 /* JMCIssue.m in Sources */ = {isa = PBXBuildFile; fileRef = 1495C4C61F13F02F0002A4E6 /* JMCIssue.m */; };
		1495C54D1F13F02F0002A4E6 /* JMCQueueItem.m in Sources */ = {isa = PBXBuildFile; fileRef = 1495C4C91F13F02F0002A4E6 /* JMCQueueItem.m */; };
		1495C54E1F13F02F0002A4E6 /* JMCRequestQueue.m in Sources */ = {isa = PBXBuildFile; fileRef = 1495C4CB1F13F02F0002A4E6 /* JMCRequestQueue.m */; };
		1495C54F1F13F02F0002A4E6 /* JMCLine.m in Sources */ = {isa = PBXBuildFile; fileRef = 1495C4CE1F13F02F0002A4E6 /* JMCLine.m */; };
		1495C5501F13F02F0002A4E6 /* JMCShapeView.m in Sources */ = {isa = PBXBuildFile; fileRef = 1495C4D11F13F02F0002A4E6 /* JMCShapeView.m */; };
		1495C5511F13F02F0002A4E6 /* JMCSketch.m in Sources */ = {isa = PBXBuildFile; fileRef = 1495C4D31F13F02F0002A4E6 /* JMCSketch.m */; };
		1495C5521F13F02F0002A4E6 /* JMCSketchContainerView.m in Sources */ = {isa = PBXBuildFile; fileRef = 1495C4D51F13F02F0002A4E6 /* JMCSketchContainerView.m */; };
		1495C5531F13F02F0002A4E6 /* JMCSketchScrollView.m in Sources */ = {isa = PBXBuildFile; fileRef = 1495C4D71F13F02F0002A4E6 /* JMCSketchScrollView.m */; };
		1495C5541F13F02F0002A4E6 /* JMCSketchView.m in Sources */ = {isa = PBXBuildFile; fileRef = 1495C4D91F13F02F0002A4E6 /* JMCSketchView.m */; };
		1495C5551F13F02F0002A4E6 /* JMCSketchViewController.m in Sources */ = {isa = PBXBuildFile; fileRef = 1495C4DB1F13F02F0002A4E6 /* JMCSketchViewController.m */; };
		1495C5561F13F02F0002A4E6 /* JMCSketchViewController.xib in Resources */ = {isa = PBXBuildFile; fileRef = 1495C4DC1F13F02F0002A4E6 /* JMCSketchViewController.xib */; };
		1495C5571F13F02F0002A4E6 /* JMCSketchViewControllerFactory.m in Sources */ = {isa = PBXBuildFile; fileRef = 1495C4DF1F13F02F0002A4E6 /* JMCSketchViewControllerFactory.m */; };
		1495C5581F13F02F0002A4E6 /* JMCVector.m in Sources */ = {isa = PBXBuildFile; fileRef = 1495C4E11F13F02F0002A4E6 /* JMCVector.m */; };
		1495C5591F13F02F0002A4E6 /* JMCVectorView.m in Sources */ = {isa = PBXBuildFile; fileRef = 1495C4E31F13F02F0002A4E6 /* JMCVectorView.m */; };
		1495C55A1F13F02F0002A4E6 /* JMCCrashSender.m in Sources */ = {isa = PBXBuildFile; fileRef = 1495C4E61F13F02F0002A4E6 /* JMCCrashSender.m */; };
		1495C55B1F13F02F0002A4E6 /* JMCCrashTransport.m in Sources */ = {isa = PBXBuildFile; fileRef = 1495C4E81F13F02F0002A4E6 /* JMCCrashTransport.m */; };
		1495C55C1F13F02F0002A4E6 /* JMCCreateIssueDelegate.m in Sources */ = {isa = PBXBuildFile; fileRef = 1495C4EA1F13F02F0002A4E6 /* JMCCreateIssueDelegate.m */; };
		1495C55D1F13F02F0002A4E6 /* JMCIssueTransport.m in Sources */ = {isa = PBXBuildFile; fileRef = 1495C4EC1F13F02F0002A4E6 /* JMCIssueTransport.m */; };
		1495C55E1F13F02F0002A4E6 /* JMCPing.m in Sources */ = {isa = PBXBuildFile; fileRef = 1495C4EE1F13F02F0002A4E6 /* JMCPing.m */; };
		1495C55F1F13F02F0002A4E6 /* JMCReplyDelegate.m in Sources */ = {isa = PBXBuildFile; fileRef = 1495C4F01F13F02F0002A4E6 /* JMCReplyDelegate.m */; };
		1495C5601F13F02F0002A4E6 /* JMCReplyTransport.m in Sources */ = {isa = PBXBuildFile; fileRef = 1495C4F21F13F02F0002A4E6 /* JMCReplyTransport.m */; };
		1495C5611F13F02F0002A4E6 /* JMCTransport.m in Sources */ = {isa = PBXBuildFile; fileRef = 1495C4F41F13F02F0002A4E6 /* JMCTransport.m */; };
		1495C5621F13F02F0002A4E6 /* JMCTransportOperation.m in Sources */ = {isa = PBXBuildFile; fileRef = 1495C4F61F13F02F0002A4E6 /* JMCTransportOperation.m */; };
		1495C5631F13F02F0002A4E6 /* UIImage+JMC.m in Sources */ = {isa = PBXBuildFile; fileRef = 1495C4F91F13F02F0002A4E6 /* UIImage+JMC.m */; };
		1495C5641F13F02F0002A4E6 /* JMCScrollViewContainer.m in Sources */ = {isa = PBXBuildFile; fileRef = 1495C4FC1F13F02F0002A4E6 /* JMCScrollViewContainer.m */; };
		1495C5651F13F02F0002A4E6 /* JMCToolbarButton.m in Sources */ = {isa = PBXBuildFile; fileRef = 1495C4FE1F13F02F0002A4E6 /* JMCToolbarButton.m */; };
		1495C5661F13F02F0002A4E6 /* UILabel+JMCVerticalAlign.m in Sources */ = {isa = PBXBuildFile; fileRef = 1495C5001F13F02F0002A4E6 /* UILabel+JMCVerticalAlign.m */; };
		1495C5671F13F02F0002A4E6 /* UIView+JMCAdditions.m in Sources */ = {isa = PBXBuildFile; fileRef = 1495C5021F13F02F0002A4E6 /* UIView+JMCAdditions.m */; };
		1495C5681F13F02F0002A4E6 /* CrashReporter.framework in Frameworks */ = {isa = PBXBuildFile; fileRef = 1495C5041F13F02F0002A4E6 /* CrashReporter.framework */; };
		1495C5691F13F02F0002A4E6 /* LICENSES in Resources */ = {isa = PBXBuildFile; fileRef = 1495C5051F13F02F0002A4E6 /* LICENSES */; };
		1495C56A1F13F02F0002A4E6 /* audio_attachment.png in Resources */ = {isa = PBXBuildFile; fileRef = 1495C5071F13F02F0002A4E6 /* audio_attachment.png */; };
		1495C56B1F13F02F0002A4E6 /* audio_attachment@2x.png in Resources */ = {isa = PBXBuildFile; fileRef = 1495C5081F13F02F0002A4E6 /* audio_attachment@2x.png */; };
		1495C56C1F13F02F0002A4E6 /* background_overlay.png in Resources */ = {isa = PBXBuildFile; fileRef = 1495C5091F13F02F0002A4E6 /* background_overlay.png */; };
		1495C56D1F13F02F0002A4E6 /* background_overlay@2x.png in Resources */ = {isa = PBXBuildFile; fileRef = 1495C50A1F13F02F0002A4E6 /* background_overlay@2x.png */; };
		1495C56E1F13F02F0002A4E6 /* Balloon_1.png in Resources */ = {isa = PBXBuildFile; fileRef = 1495C50B1F13F02F0002A4E6 /* Balloon_1.png */; };
		1495C56F1F13F02F0002A4E6 /* Balloon_1_ios7.png in Resources */ = {isa = PBXBuildFile; fileRef = 1495C50C1F13F02F0002A4E6 /* Balloon_1_ios7.png */; };
		1495C5701F13F02F0002A4E6 /* Balloon_2.png in Resources */ = {isa = PBXBuildFile; fileRef = 1495C50D1F13F02F0002A4E6 /* Balloon_2.png */; };
		1495C5711F13F02F0002A4E6 /* Balloon_2_ios7.png in Resources */ = {isa = PBXBuildFile; fileRef = 1495C50E1F13F02F0002A4E6 /* Balloon_2_ios7.png */; };
		1495C5721F13F02F0002A4E6 /* bluedot.png in Resources */ = {isa = PBXBuildFile; fileRef = 1495C50F1F13F02F0002A4E6 /* bluedot.png */; };
		1495C5731F13F02F0002A4E6 /* button_base.png in Resources */ = {isa = PBXBuildFile; fileRef = 1495C5101F13F02F0002A4E6 /* button_base.png */; };
		1495C5741F13F02F0002A4E6 /* button_base@2x.png in Resources */ = {isa = PBXBuildFile; fileRef = 1495C5111F13F02F0002A4E6 /* button_base@2x.png */; };
		1495C5751F13F02F0002A4E6 /* cancel.png in Resources */ = {isa = PBXBuildFile; fileRef = 1495C5121F13F02F0002A4E6 /* cancel.png */; };
		1495C5761F13F02F0002A4E6 /* icon_capture.png in Resources */ = {isa = PBXBuildFile; fileRef = 1495C5131F13F02F0002A4E6 /* icon_capture.png */; };
		1495C5771F13F02F0002A4E6 /* icon_capture@2x.png in Resources */ = {isa = PBXBuildFile; fileRef = 1495C5141F13F02F0002A4E6 /* icon_capture@2x.png */; };
		1495C5781F13F02F0002A4E6 /* icon_record.png in Resources */ = {isa = PBXBuildFile; fileRef = 1495C5151F13F02F0002A4E6 /* icon_record.png */; };
		1495C5791F13F02F0002A4E6 /* icon_record@2x.png in Resources */ = {isa = PBXBuildFile; fileRef = 1495C5161F13F02F0002A4E6 /* icon_record@2x.png */; };
		1495C57A1F13F02F0002A4E6 /* icon_record_1.png in Resources */ = {isa = PBXBuildFile; fileRef = 1495C5171F13F02F0002A4E6 /* icon_record_1.png */; };
		1495C57B1F13F02F0002A4E6 /* icon_record_1@2x.png in Resources */ = {isa = PBXBuildFile; fileRef = 1495C5181F13F02F0002A4E6 /* icon_record_1@2x.png */; };
		1495C57C1F13F02F0002A4E6 /* icon_record_2.png in Resources */ = {isa = PBXBuildFile; fileRef = 1495C5191F13F02F0002A4E6 /* icon_record_2.png */; };
		1495C57D1F13F02F0002A4E6 /* icon_record_2@2x.png in Resources */ = {isa = PBXBuildFile; fileRef = 1495C51A1F13F02F0002A4E6 /* icon_record_2@2x.png */; };
		1495C57E1F13F02F0002A4E6 /* icon_record_3.png in Resources */ = {isa = PBXBuildFile; fileRef = 1495C51B1F13F02F0002A4E6 /* icon_record_3.png */; };
		1495C57F1F13F02F0002A4E6 /* icon_record_3@2x.png in Resources */ = {isa = PBXBuildFile; fileRef = 1495C51C1F13F02F0002A4E6 /* icon_record_3@2x.png */; };
		1495C5801F13F02F0002A4E6 /* icon_record_4.png in Resources */ = {isa = PBXBuildFile; fileRef = 1495C51D1F13F02F0002A4E6 /* icon_record_4.png */; };
		1495C5811F13F02F0002A4E6 /* icon_record_4@2x.png in Resources */ = {isa = PBXBuildFile; fileRef = 1495C51E1F13F02F0002A4E6 /* icon_record_4@2x.png */; };
		1495C5821F13F02F0002A4E6 /* icon_record_5.png in Resources */ = {isa = PBXBuildFile; fileRef = 1495C51F1F13F02F0002A4E6 /* icon_record_5.png */; };
		1495C5831F13F02F0002A4E6 /* icon_record_5@2x.png in Resources */ = {isa = PBXBuildFile; fileRef = 1495C5201F13F02F0002A4E6 /* icon_record_5@2x.png */; };
		1495C5841F13F02F0002A4E6 /* icon_record_6.png in Resources */ = {isa = PBXBuildFile; fileRef = 1495C5211F13F02F0002A4E6 /* icon_record_6.png */; };
		1495C5851F13F02F0002A4E6 /* icon_record_6@2x.png in Resources */ = {isa = PBXBuildFile; fileRef = 1495C5221F13F02F0002A4E6 /* icon_record_6@2x.png */; };
		1495C5861F13F02F0002A4E6 /* icon_record_7.png in Resources */ = {isa = PBXBuildFile; fileRef = 1495C5231F13F02F0002A4E6 /* icon_record_7.png */; };
		1495C5871F13F02F0002A4E6 /* icon_record_7@2x.png in Resources */ = {isa = PBXBuildFile; fileRef = 1495C5241F13F02F0002A4E6 /* icon_record_7@2x.png */; };
		1495C5881F13F02F0002A4E6 /* icon_record_8.png in Resources */ = {isa = PBXBuildFile; fileRef = 1495C5251F13F02F0002A4E6 /* icon_record_8.png */; };
		1495C5891F13F02F0002A4E6 /* icon_record_8@2x.png in Resources */ = {isa = PBXBuildFile; fileRef = 1495C5261F13F02F0002A4E6 /* icon_record_8@2x.png */; };
		1495C58A1F13F02F0002A4E6 /* icon_record_active.png in Resources */ = {isa = PBXBuildFile; fileRef = 1495C5271F13F02F0002A4E6 /* icon_record_active.png */; };
		1495C58B1F13F02F0002A4E6 /* icon_record_active@2x.png in Resources */ = {isa = PBXBuildFile; fileRef = 1495C5281F13F02F0002A4E6 /* icon_record_active@2x.png */; };
		1495C58C1F13F02F0002A4E6 /* icon_record_pulse.png in Resources */ = {isa = PBXBuildFile; fileRef = 1495C5291F13F02F0002A4E6 /* icon_record_pulse.png */; };
		1495C58D1F13F02F0002A4E6 /* icon_record_pulse@2x.png in Resources */ = {isa = PBXBuildFile; fileRef = 1495C52A1F13F02F0002A4E6 /* icon_record_pulse@2x.png */; };
		1495C58E1F13F02F0002A4E6 /* icon_recording.png in Resources */ = {isa = PBXBuildFile; fileRef = 1495C52B1F13F02F0002A4E6 /* icon_recording.png */; };
		1495C58F1F13F02F0002A4E6 /* icon_recording@2x.png in Resources */ = {isa = PBXBuildFile; fileRef = 1495C52C1F13F02F0002A4E6 /* icon_recording@2x.png */; };
		1495C5901F13F02F0002A4E6 /* JIRAMobileConnectStrings.bundle in Resources */ = {isa = PBXBuildFile; fileRef = 1495C52D1F13F02F0002A4E6 /* JIRAMobileConnectStrings.bundle */; };
		1495C5911F13F02F0002A4E6 /* megaphone.png in Resources */ = {isa = PBXBuildFile; fileRef = 1495C52E1F13F02F0002A4E6 /* megaphone.png */; };
		1495C5921F13F02F0002A4E6 /* megaphone@2x.png in Resources */ = {isa = PBXBuildFile; fileRef = 1495C52F1F13F02F0002A4E6 /* megaphone@2x.png */; };
		1495C5931F13F02F0002A4E6 /* notsent.png in Resources */ = {isa = PBXBuildFile; fileRef = 1495C5301F13F02F0002A4E6 /* notsent.png */; };
		1495C5941F13F02F0002A4E6 /* notsent@2x.png in Resources */ = {isa = PBXBuildFile; fileRef = 1495C5311F13F02F0002A4E6 /* notsent@2x.png */; };
		1495C5971F13F2900002A4E6 /* Foundation.framework in Frameworks */ = {isa = PBXBuildFile; fileRef = 1495C5961F13F2900002A4E6 /* Foundation.framework */; };
		1495C5991F13F2A00002A4E6 /* CoreGraphics.framework in Frameworks */ = {isa = PBXBuildFile; fileRef = 1495C5981F13F2A00002A4E6 /* CoreGraphics.framework */; };
		1495C59B1F13F2B20002A4E6 /* UIKit.framework in Frameworks */ = {isa = PBXBuildFile; fileRef = 1495C59A1F13F2B10002A4E6 /* UIKit.framework */; };
		1495C59F1F13F5910002A4E6 /* libsqlite3.tbd in Frameworks */ = {isa = PBXBuildFile; fileRef = 1495C59E1F13F5910002A4E6 /* libsqlite3.tbd */; };
		1495C5A11F13F5990002A4E6 /* CoreData.framework in Frameworks */ = {isa = PBXBuildFile; fileRef = 1495C5A01F13F5990002A4E6 /* CoreData.framework */; };
		FA164A2A1F13DB3A00538EB9 /* main.m in Sources */ = {isa = PBXBuildFile; fileRef = FA164A291F13DB3A00538EB9 /* main.m */; };
		FA164A2D1F13DB3A00538EB9 /* AppDelegate.m in Sources */ = {isa = PBXBuildFile; fileRef = FA164A2C1F13DB3A00538EB9 /* AppDelegate.m */; };
		FA164A301F13DB3A00538EB9 /* ViewController.m in Sources */ = {isa = PBXBuildFile; fileRef = FA164A2F1F13DB3A00538EB9 /* ViewController.m */; };
		FA164A331F13DB3A00538EB9 /* Main.storyboard in Resources */ = {isa = PBXBuildFile; fileRef = FA164A311F13DB3A00538EB9 /* Main.storyboard */; };
		FA164A351F13DB3A00538EB9 /* Assets.xcassets in Resources */ = {isa = PBXBuildFile; fileRef = FA164A341F13DB3A00538EB9 /* Assets.xcassets */; };
		FA164A381F13DB3A00538EB9 /* LaunchScreen.storyboard in Resources */ = {isa = PBXBuildFile; fileRef = FA164A361F13DB3A00538EB9 /* LaunchScreen.storyboard */; };
		FA164A431F13DB3A00538EB9 /* JMCTests.m in Sources */ = {isa = PBXBuildFile; fileRef = FA164A421F13DB3A00538EB9 /* JMCTests.m */; };
		FA164A4E1F13DB3A00538EB9 /* JMCUITests.m in Sources */ = {isa = PBXBuildFile; fileRef = FA164A4D1F13DB3A00538EB9 /* JMCUITests.m */; };
		FA3B49301F1809D40026C457 /* JMC.podspec in Resources */ = {isa = PBXBuildFile; fileRef = FA3B492F1F1809D40026C457 /* JMC.podspec */; };
/* End PBXBuildFile section */

/* Begin PBXContainerItemProxy section */
		FA164A3F1F13DB3A00538EB9 /* PBXContainerItemProxy */ = {
			isa = PBXContainerItemProxy;
			containerPortal = FA164A1D1F13DB3A00538EB9 /* Project object */;
			proxyType = 1;
			remoteGlobalIDString = FA164A241F13DB3A00538EB9;
			remoteInfo = JMC;
		};
		FA164A4A1F13DB3A00538EB9 /* PBXContainerItemProxy */ = {
			isa = PBXContainerItemProxy;
			containerPortal = FA164A1D1F13DB3A00538EB9 /* Project object */;
			proxyType = 1;
			remoteGlobalIDString = FA164A241F13DB3A00538EB9;
			remoteInfo = JMC;
		};
/* End PBXContainerItemProxy section */

/* Begin PBXFileReference section */
		1495C4881F13F02F0002A4E6 /* JMC.h */ = {isa = PBXFileReference; fileEncoding = 4; lastKnownFileType = sourcecode.c.h; path = JMC.h; sourceTree = "<group>"; };
		1495C4891F13F02F0002A4E6 /* JMC.m */ = {isa = PBXFileReference; fileEncoding = 4; lastKnownFileType = sourcecode.c.objc; path = JMC.m; sourceTree = "<group>"; };
		1495C48A1F13F02F0002A4E6 /* JMCAttachmentItem.h */ = {isa = PBXFileReference; fileEncoding = 4; lastKnownFileType = sourcecode.c.h; path = JMCAttachmentItem.h; sourceTree = "<group>"; };
		1495C48B1F13F02F0002A4E6 /* JMCAttachmentItem.m */ = {isa = PBXFileReference; fileEncoding = 4; lastKnownFileType = sourcecode.c.objc; path = JMCAttachmentItem.m; sourceTree = "<group>"; };
		1495C48C1F13F02F0002A4E6 /* JMCCustomDataSource.h */ = {isa = PBXFileReference; fileEncoding = 4; lastKnownFileType = sourcecode.c.h; path = JMCCustomDataSource.h; sourceTree = "<group>"; };
		1495C48D1F13F02F0002A4E6 /* JMCMacros.h */ = {isa = PBXFileReference; fileEncoding = 4; lastKnownFileType = sourcecode.c.h; path = JMCMacros.h; sourceTree = "<group>"; };
		1495C48E1F13F02F0002A4E6 /* JMCViewController.h */ = {isa = PBXFileReference; fileEncoding = 4; lastKnownFileType = sourcecode.c.h; path = JMCViewController.h; sourceTree = "<group>"; };
		1495C48F1F13F02F0002A4E6 /* JMCViewController.m */ = {isa = PBXFileReference; fileEncoding = 4; lastKnownFileType = sourcecode.c.objc; path = JMCViewController.m; sourceTree = "<group>"; };
		1495C4901F13F02F0002A4E6 /* JMCViewController.xib */ = {isa = PBXFileReference; fileEncoding = 4; lastKnownFileType = file.xib; path = JMCViewController.xib; sourceTree = "<group>"; };
		1495C4931F13F02F0002A4E6 /* JMCAttachmentsView.xib */ = {isa = PBXFileReference; fileEncoding = 4; lastKnownFileType = file.xib; path = JMCAttachmentsView.xib; sourceTree = "<group>"; };
		1495C4941F13F02F0002A4E6 /* JMCAttachmentsViewController.h */ = {isa = PBXFileReference; fileEncoding = 4; lastKnownFileType = sourcecode.c.h; path = JMCAttachmentsViewController.h; sourceTree = "<group>"; };
		1495C4951F13F02F0002A4E6 /* JMCAttachmentsViewController.m */ = {isa = PBXFileReference; fileEncoding = 4; lastKnownFileType = sourcecode.c.objc; path = JMCAttachmentsViewController.m; sourceTree = "<group>"; };
		1495C4961F13F02F0002A4E6 /* JMCConsoleLogReader.h */ = {isa = PBXFileReference; fileEncoding = 4; lastKnownFileType = sourcecode.c.h; path = JMCConsoleLogReader.h; sourceTree = "<group>"; };
		1495C4971F13F02F0002A4E6 /* JMCConsoleLogReader.m */ = {isa = PBXFileReference; fileEncoding = 4; lastKnownFileType = sourcecode.c.objc; path = JMCConsoleLogReader.m; sourceTree = "<group>"; };
		1495C4991F13F02F0002A4E6 /* JMCRecorder.h */ = {isa = PBXFileReference; fileEncoding = 4; lastKnownFileType = sourcecode.c.h; path = JMCRecorder.h; sourceTree = "<group>"; };
		1495C49A1F13F02F0002A4E6 /* JMCRecorder.m */ = {isa = PBXFileReference; fileEncoding = 4; lastKnownFileType = sourcecode.c.objc; path = JMCRecorder.m; sourceTree = "<group>"; };
		1495C49C1F13F02F0002A4E6 /* CrashReporter.h */ = {isa = PBXFileReference; fileEncoding = 4; lastKnownFileType = sourcecode.c.h; path = CrashReporter.h; sourceTree = "<group>"; };
		1495C49D1F13F02F0002A4E6 /* CrashReporter.m */ = {isa = PBXFileReference; fileEncoding = 4; lastKnownFileType = sourcecode.c.objc; path = CrashReporter.m; sourceTree = "<group>"; };
		1495C49F1F13F02F0002A4E6 /* JMCDatabase+JMCDatabaseAdditions.h */ = {isa = PBXFileReference; fileEncoding = 4; lastKnownFileType = sourcecode.c.h; path = "JMCDatabase+JMCDatabaseAdditions.h"; sourceTree = "<group>"; };
		1495C4A01F13F02F0002A4E6 /* JMCDatabase+JMCDatabaseAdditions.m */ = {isa = PBXFileReference; fileEncoding = 4; lastKnownFileType = sourcecode.c.objc; path = "JMCDatabase+JMCDatabaseAdditions.m"; sourceTree = "<group>"; };
		1495C4A11F13F02F0002A4E6 /* JMCDatabase.h */ = {isa = PBXFileReference; fileEncoding = 4; lastKnownFileType = sourcecode.c.h; path = JMCDatabase.h; sourceTree = "<group>"; };
		1495C4A21F13F02F0002A4E6 /* JMCDatabase.m */ = {isa = PBXFileReference; fileEncoding = 4; lastKnownFileType = sourcecode.c.objc; path = JMCDatabase.m; sourceTree = "<group>"; };
		1495C4A31F13F02F0002A4E6 /* JMCResultSet.h */ = {isa = PBXFileReference; fileEncoding = 4; lastKnownFileType = sourcecode.c.h; path = JMCResultSet.h; sourceTree = "<group>"; };
		1495C4A41F13F02F0002A4E6 /* JMCResultSet.m */ = {isa = PBXFileReference; fileEncoding = 4; lastKnownFileType = sourcecode.c.objc; path = JMCResultSet.m; sourceTree = "<group>"; };
		1495C4A61F13F02F0002A4E6 /* NSBundle+JMC.h */ = {isa = PBXFileReference; fileEncoding = 4; lastKnownFileType = sourcecode.c.h; path = "NSBundle+JMC.h"; sourceTree = "<group>"; };
		1495C4A71F13F02F0002A4E6 /* NSBundle+JMC.m */ = {isa = PBXFileReference; fileEncoding = 4; lastKnownFileType = sourcecode.c.objc; path = "NSBundle+JMC.m"; sourceTree = "<group>"; };
		1495C4A91F13F02F0002A4E6 /* UIImage+JMCAlpha.h */ = {isa = PBXFileReference; fileEncoding = 4; lastKnownFileType = sourcecode.c.h; path = "UIImage+JMCAlpha.h"; sourceTree = "<group>"; };
		1495C4AA1F13F02F0002A4E6 /* UIImage+JMCAlpha.m */ = {isa = PBXFileReference; fileEncoding = 4; lastKnownFileType = sourcecode.c.objc; path = "UIImage+JMCAlpha.m"; sourceTree = "<group>"; };
		1495C4AB1F13F02F0002A4E6 /* UIImage+JMCResize.h */ = {isa = PBXFileReference; fileEncoding = 4; lastKnownFileType = sourcecode.c.h; path = "UIImage+JMCResize.h"; sourceTree = "<group>"; };
		1495C4AC1F13F02F0002A4E6 /* UIImage+JMCResize.m */ = {isa = PBXFileReference; fileEncoding = 4; lastKnownFileType = sourcecode.c.objc; path = "UIImage+JMCResize.m"; sourceTree = "<group>"; };
		1495C4AD1F13F02F0002A4E6 /* UIImage+JMCRoundedCorner.h */ = {isa = PBXFileReference; fileEncoding = 4; lastKnownFileType = sourcecode.c.h; path = "UIImage+JMCRoundedCorner.h"; sourceTree = "<group>"; };
		1495C4AE1F13F02F0002A4E6 /* UIImage+JMCRoundedCorner.m */ = {isa = PBXFileReference; fileEncoding = 4; lastKnownFileType = sourcecode.c.objc; path = "UIImage+JMCRoundedCorner.m"; sourceTree = "<group>"; };
		1495C4B01F13F02F0002A4E6 /* JMCIssuePreviewCell.h */ = {isa = PBXFileReference; fileEncoding = 4; lastKnownFileType = sourcecode.c.h; path = JMCIssuePreviewCell.h; sourceTree = "<group>"; };
		1495C4B11F13F02F0002A4E6 /* JMCIssuePreviewCell.m */ = {isa = PBXFileReference; fileEncoding = 4; lastKnownFileType = sourcecode.c.objc; path = JMCIssuePreviewCell.m; sourceTree = "<group>"; };
		1495C4B21F13F02F0002A4E6 /* JMCIssuePreviewCell.xib */ = {isa = PBXFileReference; fileEncoding = 4; lastKnownFileType = file.xib; path = JMCIssuePreviewCell.xib; sourceTree = "<group>"; };
		1495C4B31F13F02F0002A4E6 /* JMCIssueStore.h */ = {isa = PBXFileReference; fileEncoding = 4; lastKnownFileType = sourcecode.c.h; path = JMCIssueStore.h; sourceTree = "<group>"; };
		1495C4B41F13F02F0002A4E6 /* JMCIssueStore.m */ = {isa = PBXFileReference; fileEncoding = 4; lastKnownFileType = sourcecode.c.objc; path = JMCIssueStore.m; sourceTree = "<group>"; };
		1495C4B51F13F02F0002A4E6 /* JMCIssuesViewController.h */ = {isa = PBXFileReference; fileEncoding = 4; lastKnownFileType = sourcecode.c.h; path = JMCIssuesViewController.h; sourceTree = "<group>"; };
		1495C4B61F13F02F0002A4E6 /* JMCIssuesViewController.m */ = {isa = PBXFileReference; fileEncoding = 4; lastKnownFileType = sourcecode.c.objc; path = JMCIssuesViewController.m; sourceTree = "<group>"; };
		1495C4B71F13F02F0002A4E6 /* JMCIssueViewController.h */ = {isa = PBXFileReference; fileEncoding = 4; lastKnownFileType = sourcecode.c.h; path = JMCIssueViewController.h; sourceTree = "<group>"; };
		1495C4B81F13F02F0002A4E6 /* JMCIssueViewController.m */ = {isa = PBXFileReference; fileEncoding = 4; lastKnownFileType = sourcecode.c.objc; path = JMCIssueViewController.m; sourceTree = "<group>"; };
		1495C4B91F13F02F0002A4E6 /* JMCIssueViewController.xib */ = {isa = PBXFileReference; fileEncoding = 4; lastKnownFileType = file.xib; path = JMCIssueViewController.xib; sourceTree = "<group>"; };
		1495C4BA1F13F02F0002A4E6 /* JMCMessageBubble.h */ = {isa = PBXFileReference; fileEncoding = 4; lastKnownFileType = sourcecode.c.h; path = JMCMessageBubble.h; sourceTree = "<group>"; };
		1495C4BB1F13F02F0002A4E6 /* JMCMessageBubble.m */ = {isa = PBXFileReference; fileEncoding = 4; lastKnownFileType = sourcecode.c.objc; path = JMCMessageBubble.m; sourceTree = "<group>"; };
		1495C4BC1F13F02F0002A4E6 /* JMCMessageCell.h */ = {isa = PBXFileReference; fileEncoding = 4; lastKnownFileType = sourcecode.c.h; path = JMCMessageCell.h; sourceTree = "<group>"; };
		1495C4BD1F13F02F0002A4E6 /* JMCMessageCell.m */ = {isa = PBXFileReference; fileEncoding = 4; lastKnownFileType = sourcecode.c.objc; path = JMCMessageCell.m; sourceTree = "<group>"; };
		1495C4BE1F13F02F0002A4E6 /* JMCNotifier.h */ = {isa = PBXFileReference; fileEncoding = 4; lastKnownFileType = sourcecode.c.h; path = JMCNotifier.h; sourceTree = "<group>"; };
		1495C4BF1F13F02F0002A4E6 /* JMCNotifier.m */ = {isa = PBXFileReference; fileEncoding = 4; lastKnownFileType = sourcecode.c.objc; path = JMCNotifier.m; sourceTree = "<group>"; };
		1495C4C11F13F02F0002A4E6 /* JMCLocalization.h */ = {isa = PBXFileReference; fileEncoding = 4; lastKnownFileType = sourcecode.c.h; path = JMCLocalization.h; sourceTree = "<group>"; };
		1495C4C31F13F02F0002A4E6 /* JMCComment.h */ = {isa = PBXFileReference; fileEncoding = 4; lastKnownFileType = sourcecode.c.h; path = JMCComment.h; sourceTree = "<group>"; };
		1495C4C41F13F02F0002A4E6 /* JMCComment.m */ = {isa = PBXFileReference; fileEncoding = 4; lastKnownFileType = sourcecode.c.objc; path = JMCComment.m; sourceTree = "<group>"; };
		1495C4C51F13F02F0002A4E6 /* JMCIssue.h */ = {isa = PBXFileReference; fileEncoding = 4; lastKnownFileType = sourcecode.c.h; path = JMCIssue.h; sourceTree = "<group>"; };
		1495C4C61F13F02F0002A4E6 /* JMCIssue.m */ = {isa = PBXFileReference; fileEncoding = 4; lastKnownFileType = sourcecode.c.objc; path = JMCIssue.m; sourceTree = "<group>"; };
		1495C4C81F13F02F0002A4E6 /* JMCQueueItem.h */ = {isa = PBXFileReference; fileEncoding = 4; lastKnownFileType = sourcecode.c.h; path = JMCQueueItem.h; sourceTree = "<group>"; };
		1495C4C91F13F02F0002A4E6 /* JMCQueueItem.m */ = {isa = PBXFileReference; fileEncoding = 4; lastKnownFileType = sourcecode.c.objc; path = JMCQueueItem.m; sourceTree = "<group>"; };
		1495C4CA1F13F02F0002A4E6 /* JMCRequestQueue.h */ = {isa = PBXFileReference; fileEncoding = 4; lastKnownFileType = sourcecode.c.h; path = JMCRequestQueue.h; sourceTree = "<group>"; };
		1495C4CB1F13F02F0002A4E6 /* JMCRequestQueue.m */ = {isa = PBXFileReference; fileEncoding = 4; lastKnownFileType = sourcecode.c.objc; path = JMCRequestQueue.m; sourceTree = "<group>"; };
		1495C4CD1F13F02F0002A4E6 /* JMCLine.h */ = {isa = PBXFileReference; fileEncoding = 4; lastKnownFileType = sourcecode.c.h; path = JMCLine.h; sourceTree = "<group>"; };
		1495C4CE1F13F02F0002A4E6 /* JMCLine.m */ = {isa = PBXFileReference; fileEncoding = 4; lastKnownFileType = sourcecode.c.objc; path = JMCLine.m; sourceTree = "<group>"; };
		1495C4CF1F13F02F0002A4E6 /* JMCShape.h */ = {isa = PBXFileReference; fileEncoding = 4; lastKnownFileType = sourcecode.c.h; path = JMCShape.h; sourceTree = "<group>"; };
		1495C4D01F13F02F0002A4E6 /* JMCShapeView.h */ = {isa = PBXFileReference; fileEncoding = 4; lastKnownFileType = sourcecode.c.h; path = JMCShapeView.h; sourceTree = "<group>"; };
		1495C4D11F13F02F0002A4E6 /* JMCShapeView.m */ = {isa = PBXFileReference; fileEncoding = 4; lastKnownFileType = sourcecode.c.objc; path = JMCShapeView.m; sourceTree = "<group>"; };
		1495C4D21F13F02F0002A4E6 /* JMCSketch.h */ = {isa = PBXFileReference; fileEncoding = 4; lastKnownFileType = sourcecode.c.h; path = JMCSketch.h; sourceTree = "<group>"; };
		1495C4D31F13F02F0002A4E6 /* JMCSketch.m */ = {isa = PBXFileReference; fileEncoding = 4; lastKnownFileType = sourcecode.c.objc; path = JMCSketch.m; sourceTree = "<group>"; };
		1495C4D41F13F02F0002A4E6 /* JMCSketchContainerView.h */ = {isa = PBXFileReference; fileEncoding = 4; lastKnownFileType = sourcecode.c.h; path = JMCSketchContainerView.h; sourceTree = "<group>"; };
		1495C4D51F13F02F0002A4E6 /* JMCSketchContainerView.m */ = {isa = PBXFileReference; fileEncoding = 4; lastKnownFileType = sourcecode.c.objc; path = JMCSketchContainerView.m; sourceTree = "<group>"; };
		1495C4D61F13F02F0002A4E6 /* JMCSketchScrollView.h */ = {isa = PBXFileReference; fileEncoding = 4; lastKnownFileType = sourcecode.c.h; path = JMCSketchScrollView.h; sourceTree = "<group>"; };
		1495C4D71F13F02F0002A4E6 /* JMCSketchScrollView.m */ = {isa = PBXFileReference; fileEncoding = 4; lastKnownFileType = sourcecode.c.objc; path = JMCSketchScrollView.m; sourceTree = "<group>"; };
		1495C4D81F13F02F0002A4E6 /* JMCSketchView.h */ = {isa = PBXFileReference; fileEncoding = 4; lastKnownFileType = sourcecode.c.h; path = JMCSketchView.h; sourceTree = "<group>"; };
		1495C4D91F13F02F0002A4E6 /* JMCSketchView.m */ = {isa = PBXFileReference; fileEncoding = 4; lastKnownFileType = sourcecode.c.objc; path = JMCSketchView.m; sourceTree = "<group>"; };
		1495C4DA1F13F02F0002A4E6 /* JMCSketchViewController.h */ = {isa = PBXFileReference; fileEncoding = 4; lastKnownFileType = sourcecode.c.h; path = JMCSketchViewController.h; sourceTree = "<group>"; };
		1495C4DB1F13F02F0002A4E6 /* JMCSketchViewController.m */ = {isa = PBXFileReference; fileEncoding = 4; lastKnownFileType = sourcecode.c.objc; path = JMCSketchViewController.m; sourceTree = "<group>"; };
		1495C4DC1F13F02F0002A4E6 /* JMCSketchViewController.xib */ = {isa = PBXFileReference; fileEncoding = 4; lastKnownFileType = file.xib; path = JMCSketchViewController.xib; sourceTree = "<group>"; };
		1495C4DD1F13F02F0002A4E6 /* JMCSketchViewControllerDelegate.h */ = {isa = PBXFileReference; fileEncoding = 4; lastKnownFileType = sourcecode.c.h; path = JMCSketchViewControllerDelegate.h; sourceTree = "<group>"; };
		1495C4DE1F13F02F0002A4E6 /* JMCSketchViewControllerFactory.h */ = {isa = PBXFileReference; fileEncoding = 4; lastKnownFileType = sourcecode.c.h; path = JMCSketchViewControllerFactory.h; sourceTree = "<group>"; };
		1495C4DF1F13F02F0002A4E6 /* JMCSketchViewControllerFactory.m */ = {isa = PBXFileReference; fileEncoding = 4; lastKnownFileType = sourcecode.c.objc; path = JMCSketchViewControllerFactory.m; sourceTree = "<group>"; };
		1495C4E01F13F02F0002A4E6 /* JMCVector.h */ = {isa = PBXFileReference; fileEncoding = 4; lastKnownFileType = sourcecode.c.h; path = JMCVector.h; sourceTree = "<group>"; };
		1495C4E11F13F02F0002A4E6 /* JMCVector.m */ = {isa = PBXFileReference; fileEncoding = 4; lastKnownFileType = sourcecode.c.objc; path = JMCVector.m; sourceTree = "<group>"; };
		1495C4E21F13F02F0002A4E6 /* JMCVectorView.h */ = {isa = PBXFileReference; fileEncoding = 4; lastKnownFileType = sourcecode.c.h; path = JMCVectorView.h; sourceTree = "<group>"; };
		1495C4E31F13F02F0002A4E6 /* JMCVectorView.m */ = {isa = PBXFileReference; fileEncoding = 4; lastKnownFileType = sourcecode.c.objc; path = JMCVectorView.m; sourceTree = "<group>"; };
		1495C4E51F13F02F0002A4E6 /* JMCCrashSender.h */ = {isa = PBXFileReference; fileEncoding = 4; lastKnownFileType = sourcecode.c.h; path = JMCCrashSender.h; sourceTree = "<group>"; };
		1495C4E61F13F02F0002A4E6 /* JMCCrashSender.m */ = {isa = PBXFileReference; fileEncoding = 4; lastKnownFileType = sourcecode.c.objc; path = JMCCrashSender.m; sourceTree = "<group>"; };
		1495C4E71F13F02F0002A4E6 /* JMCCrashTransport.h */ = {isa = PBXFileReference; fileEncoding = 4; lastKnownFileType = sourcecode.c.h; path = JMCCrashTransport.h; sourceTree = "<group>"; };
		1495C4E81F13F02F0002A4E6 /* JMCCrashTransport.m */ = {isa = PBXFileReference; fileEncoding = 4; lastKnownFileType = sourcecode.c.objc; path = JMCCrashTransport.m; sourceTree = "<group>"; };
		1495C4E91F13F02F0002A4E6 /* JMCCreateIssueDelegate.h */ = {isa = PBXFileReference; fileEncoding = 4; lastKnownFileType = sourcecode.c.h; path = JMCCreateIssueDelegate.h; sourceTree = "<group>"; };
		1495C4EA1F13F02F0002A4E6 /* JMCCreateIssueDelegate.m */ = {isa = PBXFileReference; fileEncoding = 4; lastKnownFileType = sourcecode.c.objc; path = JMCCreateIssueDelegate.m; sourceTree = "<group>"; };
		1495C4EB1F13F02F0002A4E6 /* JMCIssueTransport.h */ = {isa = PBXFileReference; fileEncoding = 4; lastKnownFileType = sourcecode.c.h; path = JMCIssueTransport.h; sourceTree = "<group>"; };
		1495C4EC1F13F02F0002A4E6 /* JMCIssueTransport.m */ = {isa = PBXFileReference; fileEncoding = 4; lastKnownFileType = sourcecode.c.objc; path = JMCIssueTransport.m; sourceTree = "<group>"; };
		1495C4ED1F13F02F0002A4E6 /* JMCPing.h */ = {isa = PBXFileReference; fileEncoding = 4; lastKnownFileType = sourcecode.c.h; path = JMCPing.h; sourceTree = "<group>"; };
		1495C4EE1F13F02F0002A4E6 /* JMCPing.m */ = {isa = PBXFileReference; fileEncoding = 4; lastKnownFileType = sourcecode.c.objc; path = JMCPing.m; sourceTree = "<group>"; };
		1495C4EF1F13F02F0002A4E6 /* JMCReplyDelegate.h */ = {isa = PBXFileReference; fileEncoding = 4; lastKnownFileType = sourcecode.c.h; path = JMCReplyDelegate.h; sourceTree = "<group>"; };
		1495C4F01F13F02F0002A4E6 /* JMCReplyDelegate.m */ = {isa = PBXFileReference; fileEncoding = 4; lastKnownFileType = sourcecode.c.objc; path = JMCReplyDelegate.m; sourceTree = "<group>"; };
		1495C4F11F13F02F0002A4E6 /* JMCReplyTransport.h */ = {isa = PBXFileReference; fileEncoding = 4; lastKnownFileType = sourcecode.c.h; path = JMCReplyTransport.h; sourceTree = "<group>"; };
		1495C4F21F13F02F0002A4E6 /* JMCReplyTransport.m */ = {isa = PBXFileReference; fileEncoding = 4; lastKnownFileType = sourcecode.c.objc; path = JMCReplyTransport.m; sourceTree = "<group>"; };
		1495C4F31F13F02F0002A4E6 /* JMCTransport.h */ = {isa = PBXFileReference; fileEncoding = 4; lastKnownFileType = sourcecode.c.h; path = JMCTransport.h; sourceTree = "<group>"; };
		1495C4F41F13F02F0002A4E6 /* JMCTransport.m */ = {isa = PBXFileReference; fileEncoding = 4; lastKnownFileType = sourcecode.c.objc; path = JMCTransport.m; sourceTree = "<group>"; };
		1495C4F51F13F02F0002A4E6 /* JMCTransportOperation.h */ = {isa = PBXFileReference; fileEncoding = 4; lastKnownFileType = sourcecode.c.h; path = JMCTransportOperation.h; sourceTree = "<group>"; };
		1495C4F61F13F02F0002A4E6 /* JMCTransportOperation.m */ = {isa = PBXFileReference; fileEncoding = 4; lastKnownFileType = sourcecode.c.objc; path = JMCTransportOperation.m; sourceTree = "<group>"; };
		1495C4F81F13F02F0002A4E6 /* UIImage+JMC.h */ = {isa = PBXFileReference; fileEncoding = 4; lastKnownFileType = sourcecode.c.h; path = "UIImage+JMC.h"; sourceTree = "<group>"; };
		1495C4F91F13F02F0002A4E6 /* UIImage+JMC.m */ = {isa = PBXFileReference; fileEncoding = 4; lastKnownFileType = sourcecode.c.objc; path = "UIImage+JMC.m"; sourceTree = "<group>"; };
		1495C4FB1F13F02F0002A4E6 /* JMCScrollViewContainer.h */ = {isa = PBXFileReference; fileEncoding = 4; lastKnownFileType = sourcecode.c.h; path = JMCScrollViewContainer.h; sourceTree = "<group>"; };
		1495C4FC1F13F02F0002A4E6 /* JMCScrollViewContainer.m */ = {isa = PBXFileReference; fileEncoding = 4; lastKnownFileType = sourcecode.c.objc; path = JMCScrollViewContainer.m; sourceTree = "<group>"; };
		1495C4FD1F13F02F0002A4E6 /* JMCToolbarButton.h */ = {isa = PBXFileReference; fileEncoding = 4; lastKnownFileType = sourcecode.c.h; path = JMCToolbarButton.h; sourceTree = "<group>"; };
		1495C4FE1F13F02F0002A4E6 /* JMCToolbarButton.m */ = {isa = PBXFileReference; fileEncoding = 4; lastKnownFileType = sourcecode.c.objc; path = JMCToolbarButton.m; sourceTree = "<group>"; };
		1495C4FF1F13F02F0002A4E6 /* UILabel+JMCVerticalAlign.h */ = {isa = PBXFileReference; fileEncoding = 4; lastKnownFileType = sourcecode.c.h; path = "UILabel+JMCVerticalAlign.h"; sourceTree = "<group>"; };
		1495C5001F13F02F0002A4E6 /* UILabel+JMCVerticalAlign.m */ = {isa = PBXFileReference; fileEncoding = 4; lastKnownFileType = sourcecode.c.objc; path = "UILabel+JMCVerticalAlign.m"; sourceTree = "<group>"; };
		1495C5011F13F02F0002A4E6 /* UIView+JMCAdditions.h */ = {isa = PBXFileReference; fileEncoding = 4; lastKnownFileType = sourcecode.c.h; path = "UIView+JMCAdditions.h"; sourceTree = "<group>"; };
		1495C5021F13F02F0002A4E6 /* UIView+JMCAdditions.m */ = {isa = PBXFileReference; fileEncoding = 4; lastKnownFileType = sourcecode.c.objc; path = "UIView+JMCAdditions.m"; sourceTree = "<group>"; };
		1495C5041F13F02F0002A4E6 /* CrashReporter.framework */ = {isa = PBXFileReference; lastKnownFileType = wrapper.framework; name = CrashReporter.framework; path = JMC/JMCClasses/Libraries/CrashReporter.framework; sourceTree = "<group>"; };
		1495C5051F13F02F0002A4E6 /* LICENSES */ = {isa = PBXFileReference; fileEncoding = 4; lastKnownFileType = text; path = LICENSES; sourceTree = "<group>"; };
		1495C5071F13F02F0002A4E6 /* audio_attachment.png */ = {isa = PBXFileReference; lastKnownFileType = image.png; path = audio_attachment.png; sourceTree = "<group>"; };
		1495C5081F13F02F0002A4E6 /* audio_attachment@2x.png */ = {isa = PBXFileReference; lastKnownFileType = image.png; path = "audio_attachment@2x.png"; sourceTree = "<group>"; };
		1495C5091F13F02F0002A4E6 /* background_overlay.png */ = {isa = PBXFileReference; lastKnownFileType = image.png; path = background_overlay.png; sourceTree = "<group>"; };
		1495C50A1F13F02F0002A4E6 /* background_overlay@2x.png */ = {isa = PBXFileReference; lastKnownFileType = image.png; path = "background_overlay@2x.png"; sourceTree = "<group>"; };
		1495C50B1F13F02F0002A4E6 /* Balloon_1.png */ = {isa = PBXFileReference; lastKnownFileType = image.png; path = Balloon_1.png; sourceTree = "<group>"; };
		1495C50C1F13F02F0002A4E6 /* Balloon_1_ios7.png */ = {isa = PBXFileReference; lastKnownFileType = image.png; path = Balloon_1_ios7.png; sourceTree = "<group>"; };
		1495C50D1F13F02F0002A4E6 /* Balloon_2.png */ = {isa = PBXFileReference; lastKnownFileType = image.png; path = Balloon_2.png; sourceTree = "<group>"; };
		1495C50E1F13F02F0002A4E6 /* Balloon_2_ios7.png */ = {isa = PBXFileReference; lastKnownFileType = image.png; path = Balloon_2_ios7.png; sourceTree = "<group>"; };
		1495C50F1F13F02F0002A4E6 /* bluedot.png */ = {isa = PBXFileReference; lastKnownFileType = image.png; path = bluedot.png; sourceTree = "<group>"; };
		1495C5101F13F02F0002A4E6 /* button_base.png */ = {isa = PBXFileReference; lastKnownFileType = image.png; path = button_base.png; sourceTree = "<group>"; };
		1495C5111F13F02F0002A4E6 /* button_base@2x.png */ = {isa = PBXFileReference; lastKnownFileType = image.png; path = "button_base@2x.png"; sourceTree = "<group>"; };
		1495C5121F13F02F0002A4E6 /* cancel.png */ = {isa = PBXFileReference; lastKnownFileType = image.png; path = cancel.png; sourceTree = "<group>"; };
		1495C5131F13F02F0002A4E6 /* icon_capture.png */ = {isa = PBXFileReference; lastKnownFileType = image.png; path = icon_capture.png; sourceTree = "<group>"; };
		1495C5141F13F02F0002A4E6 /* icon_capture@2x.png */ = {isa = PBXFileReference; lastKnownFileType = image.png; path = "icon_capture@2x.png"; sourceTree = "<group>"; };
		1495C5151F13F02F0002A4E6 /* icon_record.png */ = {isa = PBXFileReference; lastKnownFileType = image.png; path = icon_record.png; sourceTree = "<group>"; };
		1495C5161F13F02F0002A4E6 /* icon_record@2x.png */ = {isa = PBXFileReference; lastKnownFileType = image.png; path = "icon_record@2x.png"; sourceTree = "<group>"; };
		1495C5171F13F02F0002A4E6 /* icon_record_1.png */ = {isa = PBXFileReference; lastKnownFileType = image.png; path = icon_record_1.png; sourceTree = "<group>"; };
		1495C5181F13F02F0002A4E6 /* icon_record_1@2x.png */ = {isa = PBXFileReference; lastKnownFileType = image.png; path = "icon_record_1@2x.png"; sourceTree = "<group>"; };
		1495C5191F13F02F0002A4E6 /* icon_record_2.png */ = {isa = PBXFileReference; lastKnownFileType = image.png; path = icon_record_2.png; sourceTree = "<group>"; };
		1495C51A1F13F02F0002A4E6 /* icon_record_2@2x.png */ = {isa = PBXFileReference; lastKnownFileType = image.png; path = "icon_record_2@2x.png"; sourceTree = "<group>"; };
		1495C51B1F13F02F0002A4E6 /* icon_record_3.png */ = {isa = PBXFileReference; lastKnownFileType = image.png; path = icon_record_3.png; sourceTree = "<group>"; };
		1495C51C1F13F02F0002A4E6 /* icon_record_3@2x.png */ = {isa = PBXFileReference; lastKnownFileType = image.png; path = "icon_record_3@2x.png"; sourceTree = "<group>"; };
		1495C51D1F13F02F0002A4E6 /* icon_record_4.png */ = {isa = PBXFileReference; lastKnownFileType = image.png; path = icon_record_4.png; sourceTree = "<group>"; };
		1495C51E1F13F02F0002A4E6 /* icon_record_4@2x.png */ = {isa = PBXFileReference; lastKnownFileType = image.png; path = "icon_record_4@2x.png"; sourceTree = "<group>"; };
		1495C51F1F13F02F0002A4E6 /* icon_record_5.png */ = {isa = PBXFileReference; lastKnownFileType = image.png; path = icon_record_5.png; sourceTree = "<group>"; };
		1495C5201F13F02F0002A4E6 /* icon_record_5@2x.png */ = {isa = PBXFileReference; lastKnownFileType = image.png; path = "icon_record_5@2x.png"; sourceTree = "<group>"; };
		1495C5211F13F02F0002A4E6 /* icon_record_6.png */ = {isa = PBXFileReference; lastKnownFileType = image.png; path = icon_record_6.png; sourceTree = "<group>"; };
		1495C5221F13F02F0002A4E6 /* icon_record_6@2x.png */ = {isa = PBXFileReference; lastKnownFileType = image.png; path = "icon_record_6@2x.png"; sourceTree = "<group>"; };
		1495C5231F13F02F0002A4E6 /* icon_record_7.png */ = {isa = PBXFileReference; lastKnownFileType = image.png; path = icon_record_7.png; sourceTree = "<group>"; };
		1495C5241F13F02F0002A4E6 /* icon_record_7@2x.png */ = {isa = PBXFileReference; lastKnownFileType = image.png; path = "icon_record_7@2x.png"; sourceTree = "<group>"; };
		1495C5251F13F02F0002A4E6 /* icon_record_8.png */ = {isa = PBXFileReference; lastKnownFileType = image.png; path = icon_record_8.png; sourceTree = "<group>"; };
		1495C5261F13F02F0002A4E6 /* icon_record_8@2x.png */ = {isa = PBXFileReference; lastKnownFileType = image.png; path = "icon_record_8@2x.png"; sourceTree = "<group>"; };
		1495C5271F13F02F0002A4E6 /* icon_record_active.png */ = {isa = PBXFileReference; lastKnownFileType = image.png; path = icon_record_active.png; sourceTree = "<group>"; };
		1495C5281F13F02F0002A4E6 /* icon_record_active@2x.png */ = {isa = PBXFileReference; lastKnownFileType = image.png; path = "icon_record_active@2x.png"; sourceTree = "<group>"; };
		1495C5291F13F02F0002A4E6 /* icon_record_pulse.png */ = {isa = PBXFileReference; lastKnownFileType = image.png; path = icon_record_pulse.png; sourceTree = "<group>"; };
		1495C52A1F13F02F0002A4E6 /* icon_record_pulse@2x.png */ = {isa = PBXFileReference; lastKnownFileType = image.png; path = "icon_record_pulse@2x.png"; sourceTree = "<group>"; };
		1495C52B1F13F02F0002A4E6 /* icon_recording.png */ = {isa = PBXFileReference; lastKnownFileType = image.png; path = icon_recording.png; sourceTree = "<group>"; };
		1495C52C1F13F02F0002A4E6 /* icon_recording@2x.png */ = {isa = PBXFileReference; lastKnownFileType = image.png; path = "icon_recording@2x.png"; sourceTree = "<group>"; };
		1495C52D1F13F02F0002A4E6 /* JIRAMobileConnectStrings.bundle */ = {isa = PBXFileReference; lastKnownFileType = "wrapper.plug-in"; path = JIRAMobileConnectStrings.bundle; sourceTree = "<group>"; };
		1495C52E1F13F02F0002A4E6 /* megaphone.png */ = {isa = PBXFileReference; lastKnownFileType = image.png; path = megaphone.png; sourceTree = "<group>"; };
		1495C52F1F13F02F0002A4E6 /* megaphone@2x.png */ = {isa = PBXFileReference; lastKnownFileType = image.png; path = "megaphone@2x.png"; sourceTree = "<group>"; };
		1495C5301F13F02F0002A4E6 /* notsent.png */ = {isa = PBXFileReference; lastKnownFileType = image.png; path = notsent.png; sourceTree = "<group>"; };
		1495C5311F13F02F0002A4E6 /* notsent@2x.png */ = {isa = PBXFileReference; lastKnownFileType = image.png; path = "notsent@2x.png"; sourceTree = "<group>"; };
		1495C5961F13F2900002A4E6 /* Foundation.framework */ = {isa = PBXFileReference; lastKnownFileType = wrapper.framework; name = Foundation.framework; path = System/Library/Frameworks/Foundation.framework; sourceTree = SDKROOT; };
		1495C5981F13F2A00002A4E6 /* CoreGraphics.framework */ = {isa = PBXFileReference; lastKnownFileType = wrapper.framework; name = CoreGraphics.framework; path = System/Library/Frameworks/CoreGraphics.framework; sourceTree = SDKROOT; };
		1495C59A1F13F2B10002A4E6 /* UIKit.framework */ = {isa = PBXFileReference; lastKnownFileType = wrapper.framework; name = UIKit.framework; path = System/Library/Frameworks/UIKit.framework; sourceTree = SDKROOT; };
		1495C59D1F13F4B80002A4E6 /* Constants.h */ = {isa = PBXFileReference; fileEncoding = 4; lastKnownFileType = sourcecode.c.h; path = Constants.h; sourceTree = "<group>"; };
		1495C59E1F13F5910002A4E6 /* libsqlite3.tbd */ = {isa = PBXFileReference; lastKnownFileType = "sourcecode.text-based-dylib-definition"; name = libsqlite3.tbd; path = usr/lib/libsqlite3.tbd; sourceTree = SDKROOT; };
		1495C5A01F13F5990002A4E6 /* CoreData.framework */ = {isa = PBXFileReference; lastKnownFileType = wrapper.framework; name = CoreData.framework; path = System/Library/Frameworks/CoreData.framework; sourceTree = SDKROOT; };
		FA164A251F13DB3A00538EB9 /* JMC.app */ = {isa = PBXFileReference; explicitFileType = wrapper.application; includeInIndex = 0; path = JMC.app; sourceTree = BUILT_PRODUCTS_DIR; };
		FA164A291F13DB3A00538EB9 /* main.m */ = {isa = PBXFileReference; lastKnownFileType = sourcecode.c.objc; path = main.m; sourceTree = "<group>"; };
		FA164A2B1F13DB3A00538EB9 /* AppDelegate.h */ = {isa = PBXFileReference; lastKnownFileType = sourcecode.c.h; path = AppDelegate.h; sourceTree = "<group>"; };
		FA164A2C1F13DB3A00538EB9 /* AppDelegate.m */ = {isa = PBXFileReference; lastKnownFileType = sourcecode.c.objc; path = AppDelegate.m; sourceTree = "<group>"; };
		FA164A2E1F13DB3A00538EB9 /* ViewController.h */ = {isa = PBXFileReference; lastKnownFileType = sourcecode.c.h; path = ViewController.h; sourceTree = "<group>"; };
		FA164A2F1F13DB3A00538EB9 /* ViewController.m */ = {isa = PBXFileReference; lastKnownFileType = sourcecode.c.objc; path = ViewController.m; sourceTree = "<group>"; };
		FA164A321F13DB3A00538EB9 /* Base */ = {isa = PBXFileReference; lastKnownFileType = file.storyboard; name = Base; path = Base.lproj/Main.storyboard; sourceTree = "<group>"; };
		FA164A341F13DB3A00538EB9 /* Assets.xcassets */ = {isa = PBXFileReference; lastKnownFileType = folder.assetcatalog; path = Assets.xcassets; sourceTree = "<group>"; };
		FA164A371F13DB3A00538EB9 /* Base */ = {isa = PBXFileReference; lastKnownFileType = file.storyboard; name = Base; path = Base.lproj/LaunchScreen.storyboard; sourceTree = "<group>"; };
		FA164A391F13DB3A00538EB9 /* Info.plist */ = {isa = PBXFileReference; lastKnownFileType = text.plist.xml; path = Info.plist; sourceTree = "<group>"; };
		FA164A3E1F13DB3A00538EB9 /* JMCTests.xctest */ = {isa = PBXFileReference; explicitFileType = wrapper.cfbundle; includeInIndex = 0; path = JMCTests.xctest; sourceTree = BUILT_PRODUCTS_DIR; };
		FA164A421F13DB3A00538EB9 /* JMCTests.m */ = {isa = PBXFileReference; lastKnownFileType = sourcecode.c.objc; path = JMCTests.m; sourceTree = "<group>"; };
		FA164A441F13DB3A00538EB9 /* Info.plist */ = {isa = PBXFileReference; lastKnownFileType = text.plist.xml; path = Info.plist; sourceTree = "<group>"; };
		FA164A491F13DB3A00538EB9 /* JMCUITests.xctest */ = {isa = PBXFileReference; explicitFileType = wrapper.cfbundle; includeInIndex = 0; path = JMCUITests.xctest; sourceTree = BUILT_PRODUCTS_DIR; };
		FA164A4D1F13DB3A00538EB9 /* JMCUITests.m */ = {isa = PBXFileReference; lastKnownFileType = sourcecode.c.objc; path = JMCUITests.m; sourceTree = "<group>"; };
		FA164A4F1F13DB3A00538EB9 /* Info.plist */ = {isa = PBXFileReference; lastKnownFileType = text.plist.xml; path = Info.plist; sourceTree = "<group>"; };
		FA3B492E1F1809350026C457 /* JMC-Prefix.pch */ = {isa = PBXFileReference; fileEncoding = 4; lastKnownFileType = sourcecode.c.h; path = "JMC-Prefix.pch"; sourceTree = "<group>"; };
		FA3B492F1F1809D40026C457 /* JMC.podspec */ = {isa = PBXFileReference; fileEncoding = 4; lastKnownFileType = text; path = JMC.podspec; sourceTree = "<group>"; };
/* End PBXFileReference section */

/* Begin PBXFrameworksBuildPhase section */
		FA164A221F13DB3A00538EB9 /* Frameworks */ = {
			isa = PBXFrameworksBuildPhase;
			buildActionMask = 2147483647;
			files = (
				1495C5A11F13F5990002A4E6 /* CoreData.framework in Frameworks */,
				1495C59F1F13F5910002A4E6 /* libsqlite3.tbd in Frameworks */,
				1495C59B1F13F2B20002A4E6 /* UIKit.framework in Frameworks */,
				1495C5991F13F2A00002A4E6 /* CoreGraphics.framework in Frameworks */,
				1495C5971F13F2900002A4E6 /* Foundation.framework in Frameworks */,
				1495C5681F13F02F0002A4E6 /* CrashReporter.framework in Frameworks */,
			);
			runOnlyForDeploymentPostprocessing = 0;
		};
		FA164A3B1F13DB3A00538EB9 /* Frameworks */ = {
			isa = PBXFrameworksBuildPhase;
			buildActionMask = 2147483647;
			files = (
			);
			runOnlyForDeploymentPostprocessing = 0;
		};
		FA164A461F13DB3A00538EB9 /* Frameworks */ = {
			isa = PBXFrameworksBuildPhase;
			buildActionMask = 2147483647;
			files = (
			);
			runOnlyForDeploymentPostprocessing = 0;
		};
/* End PBXFrameworksBuildPhase section */

/* Begin PBXGroup section */
		1495C4851F13F0170002A4E6 /* JMC Classes */ = {
			isa = PBXGroup;
			children = (
				1495C4861F13F02F0002A4E6 /* JMCClasses */,
			);
			name = "JMC Classes";
			sourceTree = "<group>";
		};
		1495C4861F13F02F0002A4E6 /* JMCClasses */ = {
			isa = PBXGroup;
			children = (
				1495C4871F13F02F0002A4E6 /* Base */,
				1495C4911F13F02F0002A4E6 /* Core */,
				1495C5031F13F02F0002A4E6 /* Libraries */,
				1495C5051F13F02F0002A4E6 /* LICENSES */,
				1495C5061F13F02F0002A4E6 /* Resources */,
			);
			path = JMCClasses;
			sourceTree = "<group>";
		};
		1495C4871F13F02F0002A4E6 /* Base */ = {
			isa = PBXGroup;
			children = (
				1495C4881F13F02F0002A4E6 /* JMC.h */,
				1495C4891F13F02F0002A4E6 /* JMC.m */,
				1495C48A1F13F02F0002A4E6 /* JMCAttachmentItem.h */,
				1495C48B1F13F02F0002A4E6 /* JMCAttachmentItem.m */,
				1495C48C1F13F02F0002A4E6 /* JMCCustomDataSource.h */,
				1495C48D1F13F02F0002A4E6 /* JMCMacros.h */,
				1495C48E1F13F02F0002A4E6 /* JMCViewController.h */,
				1495C48F1F13F02F0002A4E6 /* JMCViewController.m */,
				1495C4901F13F02F0002A4E6 /* JMCViewController.xib */,
			);
			path = Base;
			sourceTree = "<group>";
		};
		1495C4911F13F02F0002A4E6 /* Core */ = {
			isa = PBXGroup;
			children = (
				1495C4921F13F02F0002A4E6 /* attachments */,
				1495C4981F13F02F0002A4E6 /* audio */,
				1495C49B1F13F02F0002A4E6 /* crashes */,
				1495C49E1F13F02F0002A4E6 /* database */,
				1495C4A51F13F02F0002A4E6 /* foundation */,
				1495C4A81F13F02F0002A4E6 /* image */,
				1495C4AF1F13F02F0002A4E6 /* inbox */,
				1495C4C01F13F02F0002A4E6 /* localization */,
				1495C4C21F13F02F0002A4E6 /* model */,
				1495C4C71F13F02F0002A4E6 /* queue */,
				1495C4CC1F13F02F0002A4E6 /* sketch */,
				1495C4E41F13F02F0002A4E6 /* transport */,
				1495C4F71F13F02F0002A4E6 /* uikit */,
				1495C4FA1F13F02F0002A4E6 /* views */,
			);
			path = Core;
			sourceTree = "<group>";
		};
		1495C4921F13F02F0002A4E6 /* attachments */ = {
			isa = PBXGroup;
			children = (
				1495C4931F13F02F0002A4E6 /* JMCAttachmentsView.xib */,
				1495C4941F13F02F0002A4E6 /* JMCAttachmentsViewController.h */,
				1495C4951F13F02F0002A4E6 /* JMCAttachmentsViewController.m */,
				1495C4961F13F02F0002A4E6 /* JMCConsoleLogReader.h */,
				1495C4971F13F02F0002A4E6 /* JMCConsoleLogReader.m */,
			);
			path = attachments;
			sourceTree = "<group>";
		};
		1495C4981F13F02F0002A4E6 /* audio */ = {
			isa = PBXGroup;
			children = (
				1495C4991F13F02F0002A4E6 /* JMCRecorder.h */,
				1495C49A1F13F02F0002A4E6 /* JMCRecorder.m */,
			);
			path = audio;
			sourceTree = "<group>";
		};
		1495C49B1F13F02F0002A4E6 /* crashes */ = {
			isa = PBXGroup;
			children = (
				1495C49C1F13F02F0002A4E6 /* CrashReporter.h */,
				1495C49D1F13F02F0002A4E6 /* CrashReporter.m */,
			);
			path = crashes;
			sourceTree = "<group>";
		};
		1495C49E1F13F02F0002A4E6 /* database */ = {
			isa = PBXGroup;
			children = (
				1495C49F1F13F02F0002A4E6 /* JMCDatabase+JMCDatabaseAdditions.h */,
				1495C4A01F13F02F0002A4E6 /* JMCDatabase+JMCDatabaseAdditions.m */,
				1495C4A11F13F02F0002A4E6 /* JMCDatabase.h */,
				1495C4A21F13F02F0002A4E6 /* JMCDatabase.m */,
				1495C4A31F13F02F0002A4E6 /* JMCResultSet.h */,
				1495C4A41F13F02F0002A4E6 /* JMCResultSet.m */,
			);
			path = database;
			sourceTree = "<group>";
		};
		1495C4A51F13F02F0002A4E6 /* foundation */ = {
			isa = PBXGroup;
			children = (
				1495C4A61F13F02F0002A4E6 /* NSBundle+JMC.h */,
				1495C4A71F13F02F0002A4E6 /* NSBundle+JMC.m */,
			);
			path = foundation;
			sourceTree = "<group>";
		};
		1495C4A81F13F02F0002A4E6 /* image */ = {
			isa = PBXGroup;
			children = (
				1495C4A91F13F02F0002A4E6 /* UIImage+JMCAlpha.h */,
				1495C4AA1F13F02F0002A4E6 /* UIImage+JMCAlpha.m */,
				1495C4AB1F13F02F0002A4E6 /* UIImage+JMCResize.h */,
				1495C4AC1F13F02F0002A4E6 /* UIImage+JMCResize.m */,
				1495C4AD1F13F02F0002A4E6 /* UIImage+JMCRoundedCorner.h */,
				1495C4AE1F13F02F0002A4E6 /* UIImage+JMCRoundedCorner.m */,
			);
			path = image;
			sourceTree = "<group>";
		};
		1495C4AF1F13F02F0002A4E6 /* inbox */ = {
			isa = PBXGroup;
			children = (
				1495C4B01F13F02F0002A4E6 /* JMCIssuePreviewCell.h */,
				1495C4B11F13F02F0002A4E6 /* JMCIssuePreviewCell.m */,
				1495C4B21F13F02F0002A4E6 /* JMCIssuePreviewCell.xib */,
				1495C4B31F13F02F0002A4E6 /* JMCIssueStore.h */,
				1495C4B41F13F02F0002A4E6 /* JMCIssueStore.m */,
				1495C4B51F13F02F0002A4E6 /* JMCIssuesViewController.h */,
				1495C4B61F13F02F0002A4E6 /* JMCIssuesViewController.m */,
				1495C4B71F13F02F0002A4E6 /* JMCIssueViewController.h */,
				1495C4B81F13F02F0002A4E6 /* JMCIssueViewController.m */,
				1495C4B91F13F02F0002A4E6 /* JMCIssueViewController.xib */,
				1495C4BA1F13F02F0002A4E6 /* JMCMessageBubble.h */,
				1495C4BB1F13F02F0002A4E6 /* JMCMessageBubble.m */,
				1495C4BC1F13F02F0002A4E6 /* JMCMessageCell.h */,
				1495C4BD1F13F02F0002A4E6 /* JMCMessageCell.m */,
				1495C4BE1F13F02F0002A4E6 /* JMCNotifier.h */,
				1495C4BF1F13F02F0002A4E6 /* JMCNotifier.m */,
			);
			path = inbox;
			sourceTree = "<group>";
		};
		1495C4C01F13F02F0002A4E6 /* localization */ = {
			isa = PBXGroup;
			children = (
				1495C4C11F13F02F0002A4E6 /* JMCLocalization.h */,
			);
			path = localization;
			sourceTree = "<group>";
		};
		1495C4C21F13F02F0002A4E6 /* model */ = {
			isa = PBXGroup;
			children = (
				1495C4C31F13F02F0002A4E6 /* JMCComment.h */,
				1495C4C41F13F02F0002A4E6 /* JMCComment.m */,
				1495C4C51F13F02F0002A4E6 /* JMCIssue.h */,
				1495C4C61F13F02F0002A4E6 /* JMCIssue.m */,
			);
			path = model;
			sourceTree = "<group>";
		};
		1495C4C71F13F02F0002A4E6 /* queue */ = {
			isa = PBXGroup;
			children = (
				1495C4C81F13F02F0002A4E6 /* JMCQueueItem.h */,
				1495C4C91F13F02F0002A4E6 /* JMCQueueItem.m */,
				1495C4CA1F13F02F0002A4E6 /* JMCRequestQueue.h */,
				1495C4CB1F13F02F0002A4E6 /* JMCRequestQueue.m */,
			);
			path = queue;
			sourceTree = "<group>";
		};
		1495C4CC1F13F02F0002A4E6 /* sketch */ = {
			isa = PBXGroup;
			children = (
				1495C4CD1F13F02F0002A4E6 /* JMCLine.h */,
				1495C4CE1F13F02F0002A4E6 /* JMCLine.m */,
				1495C4CF1F13F02F0002A4E6 /* JMCShape.h */,
				1495C4D01F13F02F0002A4E6 /* JMCShapeView.h */,
				1495C4D11F13F02F0002A4E6 /* JMCShapeView.m */,
				1495C4D21F13F02F0002A4E6 /* JMCSketch.h */,
				1495C4D31F13F02F0002A4E6 /* JMCSketch.m */,
				1495C4D41F13F02F0002A4E6 /* JMCSketchContainerView.h */,
				1495C4D51F13F02F0002A4E6 /* JMCSketchContainerView.m */,
				1495C4D61F13F02F0002A4E6 /* JMCSketchScrollView.h */,
				1495C4D71F13F02F0002A4E6 /* JMCSketchScrollView.m */,
				1495C4D81F13F02F0002A4E6 /* JMCSketchView.h */,
				1495C4D91F13F02F0002A4E6 /* JMCSketchView.m */,
				1495C4DA1F13F02F0002A4E6 /* JMCSketchViewController.h */,
				1495C4DB1F13F02F0002A4E6 /* JMCSketchViewController.m */,
				1495C4DC1F13F02F0002A4E6 /* JMCSketchViewController.xib */,
				1495C4DD1F13F02F0002A4E6 /* JMCSketchViewControllerDelegate.h */,
				1495C4DE1F13F02F0002A4E6 /* JMCSketchViewControllerFactory.h */,
				1495C4DF1F13F02F0002A4E6 /* JMCSketchViewControllerFactory.m */,
				1495C4E01F13F02F0002A4E6 /* JMCVector.h */,
				1495C4E11F13F02F0002A4E6 /* JMCVector.m */,
				1495C4E21F13F02F0002A4E6 /* JMCVectorView.h */,
				1495C4E31F13F02F0002A4E6 /* JMCVectorView.m */,
			);
			path = sketch;
			sourceTree = "<group>";
		};
		1495C4E41F13F02F0002A4E6 /* transport */ = {
			isa = PBXGroup;
			children = (
				1495C4E51F13F02F0002A4E6 /* JMCCrashSender.h */,
				1495C4E61F13F02F0002A4E6 /* JMCCrashSender.m */,
				1495C4E71F13F02F0002A4E6 /* JMCCrashTransport.h */,
				1495C4E81F13F02F0002A4E6 /* JMCCrashTransport.m */,
				1495C4E91F13F02F0002A4E6 /* JMCCreateIssueDelegate.h */,
				1495C4EA1F13F02F0002A4E6 /* JMCCreateIssueDelegate.m */,
				1495C4EB1F13F02F0002A4E6 /* JMCIssueTransport.h */,
				1495C4EC1F13F02F0002A4E6 /* JMCIssueTransport.m */,
				1495C4ED1F13F02F0002A4E6 /* JMCPing.h */,
				1495C4EE1F13F02F0002A4E6 /* JMCPing.m */,
				1495C4EF1F13F02F0002A4E6 /* JMCReplyDelegate.h */,
				1495C4F01F13F02F0002A4E6 /* JMCReplyDelegate.m */,
				1495C4F11F13F02F0002A4E6 /* JMCReplyTransport.h */,
				1495C4F21F13F02F0002A4E6 /* JMCReplyTransport.m */,
				1495C4F31F13F02F0002A4E6 /* JMCTransport.h */,
				1495C4F41F13F02F0002A4E6 /* JMCTransport.m */,
				1495C4F51F13F02F0002A4E6 /* JMCTransportOperation.h */,
				1495C4F61F13F02F0002A4E6 /* JMCTransportOperation.m */,
			);
			path = transport;
			sourceTree = "<group>";
		};
		1495C4F71F13F02F0002A4E6 /* uikit */ = {
			isa = PBXGroup;
			children = (
				1495C4F81F13F02F0002A4E6 /* UIImage+JMC.h */,
				1495C4F91F13F02F0002A4E6 /* UIImage+JMC.m */,
			);
			path = uikit;
			sourceTree = "<group>";
		};
		1495C4FA1F13F02F0002A4E6 /* views */ = {
			isa = PBXGroup;
			children = (
				1495C4FB1F13F02F0002A4E6 /* JMCScrollViewContainer.h */,
				1495C4FC1F13F02F0002A4E6 /* JMCScrollViewContainer.m */,
				1495C4FD1F13F02F0002A4E6 /* JMCToolbarButton.h */,
				1495C4FE1F13F02F0002A4E6 /* JMCToolbarButton.m */,
				1495C4FF1F13F02F0002A4E6 /* UILabel+JMCVerticalAlign.h */,
				1495C5001F13F02F0002A4E6 /* UILabel+JMCVerticalAlign.m */,
				1495C5011F13F02F0002A4E6 /* UIView+JMCAdditions.h */,
				1495C5021F13F02F0002A4E6 /* UIView+JMCAdditions.m */,
			);
			path = views;
			sourceTree = "<group>";
		};
		1495C5031F13F02F0002A4E6 /* Libraries */ = {
			isa = PBXGroup;
			children = (
			);
			path = Libraries;
			sourceTree = "<group>";
		};
		1495C5061F13F02F0002A4E6 /* Resources */ = {
			isa = PBXGroup;
			children = (
				1495C5071F13F02F0002A4E6 /* audio_attachment.png */,
				1495C5081F13F02F0002A4E6 /* audio_attachment@2x.png */,
				1495C5091F13F02F0002A4E6 /* background_overlay.png */,
				1495C50A1F13F02F0002A4E6 /* background_overlay@2x.png */,
				1495C50B1F13F02F0002A4E6 /* Balloon_1.png */,
				1495C50C1F13F02F0002A4E6 /* Balloon_1_ios7.png */,
				1495C50D1F13F02F0002A4E6 /* Balloon_2.png */,
				1495C50E1F13F02F0002A4E6 /* Balloon_2_ios7.png */,
				1495C50F1F13F02F0002A4E6 /* bluedot.png */,
				1495C5101F13F02F0002A4E6 /* button_base.png */,
				1495C5111F13F02F0002A4E6 /* button_base@2x.png */,
				1495C5121F13F02F0002A4E6 /* cancel.png */,
				1495C5131F13F02F0002A4E6 /* icon_capture.png */,
				1495C5141F13F02F0002A4E6 /* icon_capture@2x.png */,
				1495C5151F13F02F0002A4E6 /* icon_record.png */,
				1495C5161F13F02F0002A4E6 /* icon_record@2x.png */,
				1495C5171F13F02F0002A4E6 /* icon_record_1.png */,
				1495C5181F13F02F0002A4E6 /* icon_record_1@2x.png */,
				1495C5191F13F02F0002A4E6 /* icon_record_2.png */,
				1495C51A1F13F02F0002A4E6 /* icon_record_2@2x.png */,
				1495C51B1F13F02F0002A4E6 /* icon_record_3.png */,
				1495C51C1F13F02F0002A4E6 /* icon_record_3@2x.png */,
				1495C51D1F13F02F0002A4E6 /* icon_record_4.png */,
				1495C51E1F13F02F0002A4E6 /* icon_record_4@2x.png */,
				1495C51F1F13F02F0002A4E6 /* icon_record_5.png */,
				1495C5201F13F02F0002A4E6 /* icon_record_5@2x.png */,
				1495C5211F13F02F0002A4E6 /* icon_record_6.png */,
				1495C5221F13F02F0002A4E6 /* icon_record_6@2x.png */,
				1495C5231F13F02F0002A4E6 /* icon_record_7.png */,
				1495C5241F13F02F0002A4E6 /* icon_record_7@2x.png */,
				1495C5251F13F02F0002A4E6 /* icon_record_8.png */,
				1495C5261F13F02F0002A4E6 /* icon_record_8@2x.png */,
				1495C5271F13F02F0002A4E6 /* icon_record_active.png */,
				1495C5281F13F02F0002A4E6 /* icon_record_active@2x.png */,
				1495C5291F13F02F0002A4E6 /* icon_record_pulse.png */,
				1495C52A1F13F02F0002A4E6 /* icon_record_pulse@2x.png */,
				1495C52B1F13F02F0002A4E6 /* icon_recording.png */,
				1495C52C1F13F02F0002A4E6 /* icon_recording@2x.png */,
				1495C52D1F13F02F0002A4E6 /* JIRAMobileConnectStrings.bundle */,
				1495C52E1F13F02F0002A4E6 /* megaphone.png */,
				1495C52F1F13F02F0002A4E6 /* megaphone@2x.png */,
				1495C5301F13F02F0002A4E6 /* notsent.png */,
				1495C5311F13F02F0002A4E6 /* notsent@2x.png */,
			);
			path = Resources;
			sourceTree = "<group>";
		};
		1495C5951F13F2900002A4E6 /* Frameworks */ = {
			isa = PBXGroup;
			children = (
				1495C5041F13F02F0002A4E6 /* CrashReporter.framework */,
				1495C5A01F13F5990002A4E6 /* CoreData.framework */,
				1495C59E1F13F5910002A4E6 /* libsqlite3.tbd */,
				1495C59A1F13F2B10002A4E6 /* UIKit.framework */,
				1495C5981F13F2A00002A4E6 /* CoreGraphics.framework */,
				1495C5961F13F2900002A4E6 /* Foundation.framework */,
			);
			name = Frameworks;
			sourceTree = "<group>";
		};
		FA164A1C1F13DB3A00538EB9 = {
			isa = PBXGroup;
			children = (
				FA3B492F1F1809D40026C457 /* JMC.podspec */,
				FA164A271F13DB3A00538EB9 /* JMC */,
				FA4EB14E1F152D7000D54B24 /* JMCBundle */,
				FA164A411F13DB3A00538EB9 /* JMCTests */,
				FA164A4C1F13DB3A00538EB9 /* JMCUITests */,
				FA164A261F13DB3A00538EB9 /* Products */,
				1495C5951F13F2900002A4E6 /* Frameworks */,
			);
			sourceTree = "<group>";
		};
		FA164A261F13DB3A00538EB9 /* Products */ = {
			isa = PBXGroup;
			children = (
				FA164A251F13DB3A00538EB9 /* JMC.app */,
				FA164A3E1F13DB3A00538EB9 /* JMCTests.xctest */,
				FA164A491F13DB3A00538EB9 /* JMCUITests.xctest */,
			);
			name = Products;
			sourceTree = "<group>";
		};
		FA164A271F13DB3A00538EB9 /* JMC */ = {
			isa = PBXGroup;
			children = (
				1495C4851F13F0170002A4E6 /* JMC Classes */,
				FA164A2B1F13DB3A00538EB9 /* AppDelegate.h */,
				FA164A2C1F13DB3A00538EB9 /* AppDelegate.m */,
				FA164A2E1F13DB3A00538EB9 /* ViewController.h */,
				FA164A2F1F13DB3A00538EB9 /* ViewController.m */,
				FA164A311F13DB3A00538EB9 /* Main.storyboard */,
				FA164A341F13DB3A00538EB9 /* Assets.xcassets */,
				FA164A361F13DB3A00538EB9 /* LaunchScreen.storyboard */,
				1495C59D1F13F4B80002A4E6 /* Constants.h */,
				FA3B492E1F1809350026C457 /* JMC-Prefix.pch */,
			);
			path = JMC;
			sourceTree = "<group>";
		};
		FA164A281F13DB3A00538EB9 /* Supporting Files */ = {
			isa = PBXGroup;
			children = (
				FA164A391F13DB3A00538EB9 /* Info.plist */,
				FA164A291F13DB3A00538EB9 /* main.m */,
			);
			name = "Supporting Files";
			sourceTree = "<group>";
		};
		FA164A411F13DB3A00538EB9 /* JMCTests */ = {
			isa = PBXGroup;
			children = (
				FA164A421F13DB3A00538EB9 /* JMCTests.m */,
				FA164A441F13DB3A00538EB9 /* Info.plist */,
			);
			path = JMCTests;
			sourceTree = "<group>";
		};
		FA164A4C1F13DB3A00538EB9 /* JMCUITests */ = {
			isa = PBXGroup;
			children = (
				FA164A4D1F13DB3A00538EB9 /* JMCUITests.m */,
				FA164A4F1F13DB3A00538EB9 /* Info.plist */,
			);
			path = JMCUITests;
			sourceTree = "<group>";
		};
		FA4EB14E1F152D7000D54B24 /* JMCBundle */ = {
			isa = PBXGroup;
			children = (
				FA164A281F13DB3A00538EB9 /* Supporting Files */,
			);
			name = JMCBundle;
			path = JMC;
			sourceTree = "<group>";
		};
/* End PBXGroup section */

/* Begin PBXNativeTarget section */
		FA164A241F13DB3A00538EB9 /* JMC */ = {
			isa = PBXNativeTarget;
			buildConfigurationList = FA164A521F13DB3A00538EB9 /* Build configuration list for PBXNativeTarget "JMC" */;
			buildPhases = (
				FA164A211F13DB3A00538EB9 /* Sources */,
				FA164A221F13DB3A00538EB9 /* Frameworks */,
				FA164A231F13DB3A00538EB9 /* Resources */,
			);
			buildRules = (
			);
			dependencies = (
			);
			name = JMC;
			productName = JMC;
			productReference = FA164A251F13DB3A00538EB9 /* JMC.app */;
			productType = "com.apple.product-type.application";
		};
		FA164A3D1F13DB3A00538EB9 /* JMCTests */ = {
			isa = PBXNativeTarget;
			buildConfigurationList = FA164A551F13DB3A00538EB9 /* Build configuration list for PBXNativeTarget "JMCTests" */;
			buildPhases = (
				FA164A3A1F13DB3A00538EB9 /* Sources */,
				FA164A3B1F13DB3A00538EB9 /* Frameworks */,
				FA164A3C1F13DB3A00538EB9 /* Resources */,
			);
			buildRules = (
			);
			dependencies = (
				FA164A401F13DB3A00538EB9 /* PBXTargetDependency */,
			);
			name = JMCTests;
			productName = JMCTests;
			productReference = FA164A3E1F13DB3A00538EB9 /* JMCTests.xctest */;
			productType = "com.apple.product-type.bundle.unit-test";
		};
		FA164A481F13DB3A00538EB9 /* JMCUITests */ = {
			isa = PBXNativeTarget;
			buildConfigurationList = FA164A581F13DB3A00538EB9 /* Build configuration list for PBXNativeTarget "JMCUITests" */;
			buildPhases = (
				FA164A451F13DB3A00538EB9 /* Sources */,
				FA164A461F13DB3A00538EB9 /* Frameworks */,
				FA164A471F13DB3A00538EB9 /* Resources */,
			);
			buildRules = (
			);
			dependencies = (
				FA164A4B1F13DB3A00538EB9 /* PBXTargetDependency */,
			);
			name = JMCUITests;
			productName = JMCUITests;
			productReference = FA164A491F13DB3A00538EB9 /* JMCUITests.xctest */;
			productType = "com.apple.product-type.bundle.ui-testing";
		};
/* End PBXNativeTarget section */

/* Begin PBXProject section */
		FA164A1D1F13DB3A00538EB9 /* Project object */ = {
			isa = PBXProject;
			attributes = {
				LastUpgradeCheck = 0730;
				ORGANIZATIONNAME = nexteraenergy;
				TargetAttributes = {
					FA164A241F13DB3A00538EB9 = {
						CreatedOnToolsVersion = 7.3.1;
					};
					FA164A3D1F13DB3A00538EB9 = {
						CreatedOnToolsVersion = 7.3.1;
						TestTargetID = FA164A241F13DB3A00538EB9;
					};
					FA164A481F13DB3A00538EB9 = {
						CreatedOnToolsVersion = 7.3.1;
						TestTargetID = FA164A241F13DB3A00538EB9;
					};
				};
			};
			buildConfigurationList = FA164A201F13DB3A00538EB9 /* Build configuration list for PBXProject "JMC" */;
			compatibilityVersion = "Xcode 3.2";
			developmentRegion = English;
			hasScannedForEncodings = 0;
			knownRegions = (
				en,
				Base,
			);
			mainGroup = FA164A1C1F13DB3A00538EB9;
			productRefGroup = FA164A261F13DB3A00538EB9 /* Products */;
			projectDirPath = "";
			projectRoot = "";
			targets = (
				FA164A241F13DB3A00538EB9 /* JMC */,
				FA164A3D1F13DB3A00538EB9 /* JMCTests */,
				FA164A481F13DB3A00538EB9 /* JMCUITests */,
			);
		};
/* End PBXProject section */

/* Begin PBXResourcesBuildPhase section */
		FA164A231F13DB3A00538EB9 /* Resources */ = {
			isa = PBXResourcesBuildPhase;
			buildActionMask = 2147483647;
			files = (
				1495C5831F13F02F0002A4E6 /* icon_record_5@2x.png in Resources */,
				FA164A381F13DB3A00538EB9 /* LaunchScreen.storyboard in Resources */,
				1495C57B1F13F02F0002A4E6 /* icon_record_1@2x.png in Resources */,
				1495C58F1F13F02F0002A4E6 /* icon_recording@2x.png in Resources */,
				FA164A351F13DB3A00538EB9 /* Assets.xcassets in Resources */,
				1495C5841F13F02F0002A4E6 /* icon_record_6.png in Resources */,
				1495C58A1F13F02F0002A4E6 /* icon_record_active.png in Resources */,
				FA164A331F13DB3A00538EB9 /* Main.storyboard in Resources */,
				1495C58C1F13F02F0002A4E6 /* icon_record_pulse.png in Resources */,
				1495C5901F13F02F0002A4E6 /* JIRAMobileConnectStrings.bundle in Resources */,
				FA3B49301F1809D40026C457 /* JMC.podspec in Resources */,
				1495C56F1F13F02F0002A4E6 /* Balloon_1_ios7.png in Resources */,
				1495C56D1F13F02F0002A4E6 /* background_overlay@2x.png in Resources */,
				1495C5811F13F02F0002A4E6 /* icon_record_4@2x.png in Resources */,
				1495C56A1F13F02F0002A4E6 /* audio_attachment.png in Resources */,
				1495C57F1F13F02F0002A4E6 /* icon_record_3@2x.png in Resources */,
				1495C5731F13F02F0002A4E6 /* button_base.png in Resources */,
				1495C5791F13F02F0002A4E6 /* icon_record@2x.png in Resources */,
				1495C5861F13F02F0002A4E6 /* icon_record_7.png in Resources */,
				1495C5431F13F02F0002A4E6 /* JMCIssuePreviewCell.xib in Resources */,
				1495C5691F13F02F0002A4E6 /* LICENSES in Resources */,
				1495C58E1F13F02F0002A4E6 /* icon_recording.png in Resources */,
				1495C5751F13F02F0002A4E6 /* cancel.png in Resources */,
				1495C5941F13F02F0002A4E6 /* notsent@2x.png in Resources */,
				1495C5851F13F02F0002A4E6 /* icon_record_6@2x.png in Resources */,
				1495C5701F13F02F0002A4E6 /* Balloon_2.png in Resources */,
				1495C56E1F13F02F0002A4E6 /* Balloon_1.png in Resources */,
				1495C5891F13F02F0002A4E6 /* icon_record_8@2x.png in Resources */,
				1495C5351F13F02F0002A4E6 /* JMCViewController.xib in Resources */,
				1495C5821F13F02F0002A4E6 /* icon_record_5.png in Resources */,
				1495C5721F13F02F0002A4E6 /* bluedot.png in Resources */,
				1495C57A1F13F02F0002A4E6 /* icon_record_1.png in Resources */,
				1495C57D1F13F02F0002A4E6 /* icon_record_2@2x.png in Resources */,
				1495C5471F13F02F0002A4E6 /* JMCIssueViewController.xib in Resources */,
				1495C57E1F13F02F0002A4E6 /* icon_record_3.png in Resources */,
				1495C5921F13F02F0002A4E6 /* megaphone@2x.png in Resources */,
				1495C5931F13F02F0002A4E6 /* notsent.png in Resources */,
				1495C58D1F13F02F0002A4E6 /* icon_record_pulse@2x.png in Resources */,
				1495C5761F13F02F0002A4E6 /* icon_capture.png in Resources */,
				1495C56B1F13F02F0002A4E6 /* audio_attachment@2x.png in Resources */,
				1495C57C1F13F02F0002A4E6 /* icon_record_2.png in Resources */,
				1495C5871F13F02F0002A4E6 /* icon_record_7@2x.png in Resources */,
				1495C5781F13F02F0002A4E6 /* icon_record.png in Resources */,
				1495C5361F13F02F0002A4E6 /* JMCAttachmentsView.xib in Resources */,
				1495C56C1F13F02F0002A4E6 /* background_overlay.png in Resources */,
				1495C5881F13F02F0002A4E6 /* icon_record_8.png in Resources */,
				1495C5771F13F02F0002A4E6 /* icon_capture@2x.png in Resources */,
				1495C5911F13F02F0002A4E6 /* megaphone.png in Resources */,
				1495C5741F13F02F0002A4E6 /* button_base@2x.png in Resources */,
				1495C5711F13F02F0002A4E6 /* Balloon_2_ios7.png in Resources */,
				1495C58B1F13F02F0002A4E6 /* icon_record_active@2x.png in Resources */,
				1495C5801F13F02F0002A4E6 /* icon_record_4.png in Resources */,
				1495C5561F13F02F0002A4E6 /* JMCSketchViewController.xib in Resources */,
			);
			runOnlyForDeploymentPostprocessing = 0;
		};
		FA164A3C1F13DB3A00538EB9 /* Resources */ = {
			isa = PBXResourcesBuildPhase;
			buildActionMask = 2147483647;
			files = (
			);
			runOnlyForDeploymentPostprocessing = 0;
		};
		FA164A471F13DB3A00538EB9 /* Resources */ = {
			isa = PBXResourcesBuildPhase;
			buildActionMask = 2147483647;
			files = (
			);
			runOnlyForDeploymentPostprocessing = 0;
		};
/* End PBXResourcesBuildPhase section */

/* Begin PBXSourcesBuildPhase section */
		FA164A211F13DB3A00538EB9 /* Sources */ = {
			isa = PBXSourcesBuildPhase;
			buildActionMask = 2147483647;
			files = (
				1495C5391F13F02F0002A4E6 /* JMCRecorder.m in Sources */,
				1495C5501F13F02F0002A4E6 /* JMCShapeView.m in Sources */,
				FA164A301F13DB3A00538EB9 /* ViewController.m in Sources */,
				1495C5541F13F02F0002A4E6 /* JMCSketchView.m in Sources */,
				1495C54A1F13F02F0002A4E6 /* JMCNotifier.m in Sources */,
				1495C5481F13F02F0002A4E6 /* JMCMessageBubble.m in Sources */,
				1495C54B1F13F02F0002A4E6 /* JMCComment.m in Sources */,
				1495C53F1F13F02F0002A4E6 /* UIImage+JMCAlpha.m in Sources */,
				1495C5581F13F02F0002A4E6 /* JMCVector.m in Sources */,
				1495C55E1F13F02F0002A4E6 /* JMCPing.m in Sources */,
				1495C5441F13F02F0002A4E6 /* JMCIssueStore.m in Sources */,
				1495C55A1F13F02F0002A4E6 /* JMCCrashSender.m in Sources */,
				1495C5371F13F02F0002A4E6 /* JMCAttachmentsViewController.m in Sources */,
				1495C5661F13F02F0002A4E6 /* UILabel+JMCVerticalAlign.m in Sources */,
				1495C5451F13F02F0002A4E6 /* JMCIssuesViewController.m in Sources */,
				1495C5381F13F02F0002A4E6 /* JMCConsoleLogReader.m in Sources */,
				1495C5421F13F02F0002A4E6 /* JMCIssuePreviewCell.m in Sources */,
				1495C5611F13F02F0002A4E6 /* JMCTransport.m in Sources */,
				1495C5641F13F02F0002A4E6 /* JMCScrollViewContainer.m in Sources */,
				1495C5491F13F02F0002A4E6 /* JMCMessageCell.m in Sources */,
				1495C55C1F13F02F0002A4E6 /* JMCCreateIssueDelegate.m in Sources */,
				1495C5671F13F02F0002A4E6 /* UIView+JMCAdditions.m in Sources */,
				1495C55F1F13F02F0002A4E6 /* JMCReplyDelegate.m in Sources */,
				1495C5521F13F02F0002A4E6 /* JMCSketchContainerView.m in Sources */,
				1495C55D1F13F02F0002A4E6 /* JMCIssueTransport.m in Sources */,
				1495C5601F13F02F0002A4E6 /* JMCReplyTransport.m in Sources */,
				1495C5461F13F02F0002A4E6 /* JMCIssueViewController.m in Sources */,
				1495C5621F13F02F0002A4E6 /* JMCTransportOperation.m in Sources */,
				1495C5531F13F02F0002A4E6 /* JMCSketchScrollView.m in Sources */,
				1495C53D1F13F02F0002A4E6 /* JMCResultSet.m in Sources */,
				1495C5651F13F02F0002A4E6 /* JMCToolbarButton.m in Sources */,
				1495C5401F13F02F0002A4E6 /* UIImage+JMCResize.m in Sources */,
				FA164A2D1F13DB3A00538EB9 /* AppDelegate.m in Sources */,
				1495C5331F13F02F0002A4E6 /* JMCAttachmentItem.m in Sources */,
				1495C5631F13F02F0002A4E6 /* UIImage+JMC.m in Sources */,
				1495C53A1F13F02F0002A4E6 /* CrashReporter.m in Sources */,
				1495C5321F13F02F0002A4E6 /* JMC.m in Sources */,
				1495C5591F13F02F0002A4E6 /* JMCVectorView.m in Sources */,
				FA164A2A1F13DB3A00538EB9 /* main.m in Sources */,
				1495C5571F13F02F0002A4E6 /* JMCSketchViewControllerFactory.m in Sources */,
				1495C5411F13F02F0002A4E6 /* UIImage+JMCRoundedCorner.m in Sources */,
				1495C53B1F13F02F0002A4E6 /* JMCDatabase+JMCDatabaseAdditions.m in Sources */,
				1495C53E1F13F02F0002A4E6 /* NSBundle+JMC.m in Sources */,
				1495C5511F13F02F0002A4E6 /* JMCSketch.m in Sources */,
				1495C54F1F13F02F0002A4E6 /* JMCLine.m in Sources */,
				1495C5341F13F02F0002A4E6 /* JMCViewController.m in Sources */,
				1495C54E1F13F02F0002A4E6 /* JMCRequestQueue.m in Sources */,
				1495C54C1F13F02F0002A4E6 /* JMCIssue.m in Sources */,
				1495C5551F13F02F0002A4E6 /* JMCSketchViewController.m in Sources */,
				1495C53C1F13F02F0002A4E6 /* JMCDatabase.m in Sources */,
				1495C55B1F13F02F0002A4E6 /* JMCCrashTransport.m in Sources */,
				1495C54D1F13F02F0002A4E6 /* JMCQueueItem.m in Sources */,
			);
			runOnlyForDeploymentPostprocessing = 0;
		};
		FA164A3A1F13DB3A00538EB9 /* Sources */ = {
			isa = PBXSourcesBuildPhase;
			buildActionMask = 2147483647;
			files = (
				FA164A431F13DB3A00538EB9 /* JMCTests.m in Sources */,
			);
			runOnlyForDeploymentPostprocessing = 0;
		};
		FA164A451F13DB3A00538EB9 /* Sources */ = {
			isa = PBXSourcesBuildPhase;
			buildActionMask = 2147483647;
			files = (
				FA164A4E1F13DB3A00538EB9 /* JMCUITests.m in Sources */,
			);
			runOnlyForDeploymentPostprocessing = 0;
		};
/* End PBXSourcesBuildPhase section */

/* Begin PBXTargetDependency section */
		FA164A401F13DB3A00538EB9 /* PBXTargetDependency */ = {
			isa = PBXTargetDependency;
			target = FA164A241F13DB3A00538EB9 /* JMC */;
			targetProxy = FA164A3F1F13DB3A00538EB9 /* PBXContainerItemProxy */;
		};
		FA164A4B1F13DB3A00538EB9 /* PBXTargetDependency */ = {
			isa = PBXTargetDependency;
			target = FA164A241F13DB3A00538EB9 /* JMC */;
			targetProxy = FA164A4A1F13DB3A00538EB9 /* PBXContainerItemProxy */;
		};
/* End PBXTargetDependency section */

/* Begin PBXVariantGroup section */
		FA164A311F13DB3A00538EB9 /* Main.storyboard */ = {
			isa = PBXVariantGroup;
			children = (
				FA164A321F13DB3A00538EB9 /* Base */,
			);
			name = Main.storyboard;
			sourceTree = "<group>";
		};
		FA164A361F13DB3A00538EB9 /* LaunchScreen.storyboard */ = {
			isa = PBXVariantGroup;
			children = (
				FA164A371F13DB3A00538EB9 /* Base */,
			);
			name = LaunchScreen.storyboard;
			sourceTree = "<group>";
		};
/* End PBXVariantGroup section */

/* Begin XCBuildConfiguration section */
		FA164A501F13DB3A00538EB9 /* Debug */ = {
			isa = XCBuildConfiguration;
			buildSettings = {
				ALWAYS_SEARCH_USER_PATHS = NO;
				CLANG_ANALYZER_NONNULL = YES;
				CLANG_CXX_LANGUAGE_STANDARD = "gnu++0x";
				CLANG_CXX_LIBRARY = "libc++";
				CLANG_ENABLE_MODULES = YES;
				CLANG_ENABLE_OBJC_ARC = YES;
				CLANG_WARN_BOOL_CONVERSION = YES;
				CLANG_WARN_CONSTANT_CONVERSION = YES;
				CLANG_WARN_DIRECT_OBJC_ISA_USAGE = YES_ERROR;
				CLANG_WARN_EMPTY_BODY = YES;
				CLANG_WARN_ENUM_CONVERSION = YES;
				CLANG_WARN_INT_CONVERSION = YES;
				CLANG_WARN_OBJC_ROOT_CLASS = YES_ERROR;
				CLANG_WARN_UNREACHABLE_CODE = YES;
				CLANG_WARN__DUPLICATE_METHOD_MATCH = YES;
				"CODE_SIGN_IDENTITY[sdk=iphoneos*]" = "";
				COPY_PHASE_STRIP = NO;
				DEBUG_INFORMATION_FORMAT = dwarf;
				ENABLE_STRICT_OBJC_MSGSEND = YES;
				ENABLE_TESTABILITY = YES;
				GCC_C_LANGUAGE_STANDARD = gnu99;
				GCC_DYNAMIC_NO_PIC = NO;
				GCC_NO_COMMON_BLOCKS = YES;
				GCC_OPTIMIZATION_LEVEL = 0;
				GCC_PREPROCESSOR_DEFINITIONS = (
					"DEBUG=1",
					"$(inherited)",
				);
				GCC_WARN_64_TO_32_BIT_CONVERSION = YES;
				GCC_WARN_ABOUT_RETURN_TYPE = YES_ERROR;
				GCC_WARN_UNDECLARED_SELECTOR = YES;
				GCC_WARN_UNINITIALIZED_AUTOS = YES_AGGRESSIVE;
				GCC_WARN_UNUSED_FUNCTION = YES;
				GCC_WARN_UNUSED_VARIABLE = YES;
				IPHONEOS_DEPLOYMENT_TARGET = 6.0;
				MTL_ENABLE_DEBUG_INFO = YES;
				ONLY_ACTIVE_ARCH = YES;
				SDKROOT = iphoneos;
				TARGETED_DEVICE_FAMILY = "1,2";
			};
			name = Debug;
		};
		FA164A511F13DB3A00538EB9 /* Release */ = {
			isa = XCBuildConfiguration;
			buildSettings = {
				ALWAYS_SEARCH_USER_PATHS = NO;
				CLANG_ANALYZER_NONNULL = YES;
				CLANG_CXX_LANGUAGE_STANDARD = "gnu++0x";
				CLANG_CXX_LIBRARY = "libc++";
				CLANG_ENABLE_MODULES = YES;
				CLANG_ENABLE_OBJC_ARC = YES;
				CLANG_WARN_BOOL_CONVERSION = YES;
				CLANG_WARN_CONSTANT_CONVERSION = YES;
				CLANG_WARN_DIRECT_OBJC_ISA_USAGE = YES_ERROR;
				CLANG_WARN_EMPTY_BODY = YES;
				CLANG_WARN_ENUM_CONVERSION = YES;
				CLANG_WARN_INT_CONVERSION = YES;
				CLANG_WARN_OBJC_ROOT_CLASS = YES_ERROR;
				CLANG_WARN_UNREACHABLE_CODE = YES;
				CLANG_WARN__DUPLICATE_METHOD_MATCH = YES;
				"CODE_SIGN_IDENTITY[sdk=iphoneos*]" = "";
				COPY_PHASE_STRIP = NO;
				DEBUG_INFORMATION_FORMAT = "dwarf-with-dsym";
				ENABLE_NS_ASSERTIONS = NO;
				ENABLE_STRICT_OBJC_MSGSEND = YES;
				GCC_C_LANGUAGE_STANDARD = gnu99;
				GCC_NO_COMMON_BLOCKS = YES;
				GCC_WARN_64_TO_32_BIT_CONVERSION = YES;
				GCC_WARN_ABOUT_RETURN_TYPE = YES_ERROR;
				GCC_WARN_UNDECLARED_SELECTOR = YES;
				GCC_WARN_UNINITIALIZED_AUTOS = YES_AGGRESSIVE;
				GCC_WARN_UNUSED_FUNCTION = YES;
				GCC_WARN_UNUSED_VARIABLE = YES;
				IPHONEOS_DEPLOYMENT_TARGET = 6.0;
				MTL_ENABLE_DEBUG_INFO = NO;
				SDKROOT = iphoneos;
				TARGETED_DEVICE_FAMILY = "1,2";
				VALIDATE_PRODUCT = YES;
			};
			name = Release;
		};
		FA164A531F13DB3A00538EB9 /* Debug */ = {
			isa = XCBuildConfiguration;
			buildSettings = {
				ASSETCATALOG_COMPILER_APPICON_NAME = AppIcon;
				FRAMEWORK_SEARCH_PATHS = (
					"$(inherited)",
					"$(PROJECT_DIR)/JMC/JMCClasses/Libraries",
				);
				GCC_PREFIX_HEADER = "JMC/JMC-Prefix.pch";
				INFOPLIST_FILE = JMC/Info.plist;
				LD_RUNPATH_SEARCH_PATHS = "$(inherited) @executable_path/Frameworks";
				PRODUCT_BUNDLE_IDENTIFIER = com.nexteraenergy.JMC;
				PRODUCT_NAME = "$(TARGET_NAME)";
			};
			name = Debug;
		};
		FA164A541F13DB3A00538EB9 /* Release */ = {
			isa = XCBuildConfiguration;
			buildSettings = {
				ASSETCATALOG_COMPILER_APPICON_NAME = AppIcon;
				FRAMEWORK_SEARCH_PATHS = (
					"$(inherited)",
					"$(PROJECT_DIR)/JMC/JMCClasses/Libraries",
				);
				GCC_PREFIX_HEADER = "JMC/JMC-Prefix.pch";
				INFOPLIST_FILE = JMC/Info.plist;
				LD_RUNPATH_SEARCH_PATHS = "$(inherited) @executable_path/Frameworks";
				PRODUCT_BUNDLE_IDENTIFIER = com.nexteraenergy.JMC;
				PRODUCT_NAME = "$(TARGET_NAME)";
			};
			name = Release;
		};
		FA164A561F13DB3A00538EB9 /* Debug */ = {
			isa = XCBuildConfiguration;
			buildSettings = {
				BUNDLE_LOADER = "$(TEST_HOST)";
				INFOPLIST_FILE = JMCTests/Info.plist;
				LD_RUNPATH_SEARCH_PATHS = "$(inherited) @executable_path/Frameworks @loader_path/Frameworks";
				PRODUCT_BUNDLE_IDENTIFIER = com.pgd.motiondetection.JMCTests;
				PRODUCT_NAME = "$(TARGET_NAME)";
				TEST_HOST = "$(BUILT_PRODUCTS_DIR)/JMC.app/JMC";
			};
			name = Debug;
		};
		FA164A571F13DB3A00538EB9 /* Release */ = {
			isa = XCBuildConfiguration;
			buildSettings = {
				BUNDLE_LOADER = "$(TEST_HOST)";
				INFOPLIST_FILE = JMCTests/Info.plist;
				LD_RUNPATH_SEARCH_PATHS = "$(inherited) @executable_path/Frameworks @loader_path/Frameworks";
				PRODUCT_BUNDLE_IDENTIFIER = com.pgd.motiondetection.JMCTests;
				PRODUCT_NAME = "$(TARGET_NAME)";
				TEST_HOST = "$(BUILT_PRODUCTS_DIR)/JMC.app/JMC";
			};
			name = Release;
		};
		FA164A591F13DB3A00538EB9 /* Debug */ = {
			isa = XCBuildConfiguration;
			buildSettings = {
				INFOPLIST_FILE = JMCUITests/Info.plist;
				LD_RUNPATH_SEARCH_PATHS = "$(inherited) @executable_path/Frameworks @loader_path/Frameworks";
				PRODUCT_BUNDLE_IDENTIFIER = com.pgd.motiondetection.JMCUITests;
				PRODUCT_NAME = "$(TARGET_NAME)";
				TEST_TARGET_NAME = JMC;
			};
			name = Debug;
		};
		FA164A5A1F13DB3A00538EB9 /* Release */ = {
			isa = XCBuildConfiguration;
			buildSettings = {
				INFOPLIST_FILE = JMCUITests/Info.plist;
				LD_RUNPATH_SEARCH_PATHS = "$(inherited) @executable_path/Frameworks @loader_path/Frameworks";
				PRODUCT_BUNDLE_IDENTIFIER = com.pgd.motiondetection.JMCUITests;
				PRODUCT_NAME = "$(TARGET_NAME)";
				TEST_TARGET_NAME = JMC;
			};
			name = Release;
		};
/* End XCBuildConfiguration section */

/* Begin XCConfigurationList section */
		FA164A201F13DB3A00538EB9 /* Build configuration list for PBXProject "JMC" */ = {
			isa = XCConfigurationList;
			buildConfigurations = (
				FA164A501F13DB3A00538EB9 /* Debug */,
				FA164A511F13DB3A00538EB9 /* Release */,
			);
			defaultConfigurationIsVisible = 0;
			defaultConfigurationName = Release;
		};
		FA164A521F13DB3A00538EB9 /* Build configuration list for PBXNativeTarget "JMC" */ = {
			isa = XCConfigurationList;
			buildConfigurations = (
				FA164A531F13DB3A00538EB9 /* Debug */,
				FA164A541F13DB3A00538EB9 /* Release */,
			);
			defaultConfigurationIsVisible = 0;
			defaultConfigurationName = Release;
		};
		FA164A551F13DB3A00538EB9 /* Build configuration list for PBXNativeTarget "JMCTests" */ = {
			isa = XCConfigurationList;
			buildConfigurations = (
				FA164A561F13DB3A00538EB9 /* Debug */,
				FA164A571F13DB3A00538EB9 /* Release */,
			);
			defaultConfigurationIsVisible = 0;
			defaultConfigurationName = Release;
		};
		FA164A581F13DB3A00538EB9 /* Build configuration list for PBXNativeTarget "JMCUITests" */ = {
			isa = XCConfigurationList;
			buildConfigurations = (
				FA164A591F13DB3A00538EB9 /* Debug */,
				FA164A5A1F13DB3A00538EB9 /* Release */,
			);
			defaultConfigurationIsVisible = 0;
			defaultConfigurationName = Release;
		};
/* End XCConfigurationList section */
	};
	rootObject = FA164A1D1F13DB3A00538EB9 /* Project object */;
}
